// !$*UTF8*$!
{
	archiveVersion = 1;
	classes = {
	};
	objectVersion = 46;
	objects = {

/* Begin PBXBuildFile section */
		09085CDC1A27DA7F00A01689 /* CLLocation+Extensions.m in Sources */ = {isa = PBXBuildFile; fileRef = 09085CDB1A27DA7F00A01689 /* CLLocation+Extensions.m */; };
		09085CDF1A27DFC800A01689 /* INTULocationManager+Extensions.m in Sources */ = {isa = PBXBuildFile; fileRef = 09085CDE1A27DFC800A01689 /* INTULocationManager+Extensions.m */; };
		09085CE41A2889E000A01689 /* UIAlertView+Extensions.m in Sources */ = {isa = PBXBuildFile; fileRef = 09085CE31A2889E000A01689 /* UIAlertView+Extensions.m */; };
		09085CE81A2893E000A01689 /* COOLUserSettingsUserDefaultsImpl.m in Sources */ = {isa = PBXBuildFile; fileRef = 09085CE71A2893E000A01689 /* COOLUserSettingsUserDefaultsImpl.m */; };
		09085CEC1A28A82500A01689 /* COOLForecastShareModel.m in Sources */ = {isa = PBXBuildFile; fileRef = 09085CEB1A28A82500A01689 /* COOLForecastShareModel.m */; };
		09085CFA1A28BC1F00A01689 /* Settings.strings in Resources */ = {isa = PBXBuildFile; fileRef = 09085CF81A28BC1F00A01689 /* Settings.strings */; };
		09085CFF1A28BDF500A01689 /* Localizable.strings in Resources */ = {isa = PBXBuildFile; fileRef = 09085CFD1A28BDF500A01689 /* Localizable.strings */; };
		09085D071A28C4AB00A01689 /* UIImage+Weather.m in Sources */ = {isa = PBXBuildFile; fileRef = 09085D061A28C4AB00A01689 /* UIImage+Weather.m */; };
		09085D0B1A28C5A600A01689 /* NSDate+Extensions.m in Sources */ = {isa = PBXBuildFile; fileRef = 09085D0A1A28C5A600A01689 /* NSDate+Extensions.m */; };
		09085D0E1A28C8D000A01689 /* Errors.strings in Resources */ = {isa = PBXBuildFile; fileRef = 09085D101A28C8D000A01689 /* Errors.strings */; };
		09085D151A28CFEC00A01689 /* UIColor+Weather.m in Sources */ = {isa = PBXBuildFile; fileRef = 09085D141A28CFEC00A01689 /* UIColor+Weather.m */; };
		09085D191A28D01200A01689 /* UIFont+Weather.m in Sources */ = {isa = PBXBuildFile; fileRef = 09085D181A28D01200A01689 /* UIFont+Weather.m */; };
		09085D1C1A28DC4000A01689 /* COOLForecastViewController.m in Sources */ = {isa = PBXBuildFile; fileRef = 09085D1B1A28DC4000A01689 /* COOLForecastViewController.m */; };
		09085D231A29050F00A01689 /* Forecast+Mapping.m in Sources */ = {isa = PBXBuildFile; fileRef = 09085D221A29050F00A01689 /* Forecast+Mapping.m */; };
		09085D261A29052800A01689 /* Hourly+Mapping.m in Sources */ = {isa = PBXBuildFile; fileRef = 09085D251A29052800A01689 /* Hourly+Mapping.m */; };
		09085D291A29056000A01689 /* Weather+Mapping.m in Sources */ = {isa = PBXBuildFile; fileRef = 09085D281A29056000A01689 /* Weather+Mapping.m */; };
		09085D2C1A29058600A01689 /* SimpleValue.m in Sources */ = {isa = PBXBuildFile; fileRef = 09085D2B1A29058600A01689 /* SimpleValue.m */; };
		09085D2F1A2905CF00A01689 /* SimpleValue+Mapping.m in Sources */ = {isa = PBXBuildFile; fileRef = 09085D2E1A2905CF00A01689 /* SimpleValue+Mapping.m */; };
		09085D321A2905E900A01689 /* TimeZone+Mapping.m in Sources */ = {isa = PBXBuildFile; fileRef = 09085D311A2905E900A01689 /* TimeZone+Mapping.m */; };
		09085D351A29060700A01689 /* Location+Mapping.m in Sources */ = {isa = PBXBuildFile; fileRef = 09085D341A29060700A01689 /* Location+Mapping.m */; };
		0922146D1A253F86002A614A /* main.m in Sources */ = {isa = PBXBuildFile; fileRef = 0922146C1A253F86002A614A /* main.m */; };
		092214761A253F86002A614A /* Main.storyboard in Resources */ = {isa = PBXBuildFile; fileRef = 092214741A253F86002A614A /* Main.storyboard */; };
		092214781A253F86002A614A /* Images.xcassets in Resources */ = {isa = PBXBuildFile; fileRef = 092214771A253F86002A614A /* Images.xcassets */; };
		0922147B1A253F86002A614A /* LaunchScreen.xib in Resources */ = {isa = PBXBuildFile; fileRef = 092214791A253F86002A614A /* LaunchScreen.xib */; };
		092214AC1A25401C002A614A /* COOLAppDelegate.m in Sources */ = {isa = PBXBuildFile; fileRef = 092214931A25401C002A614A /* COOLAppDelegate.m */; };
		092214BA1A25411E002A614A /* COOLWeatherAPIImpl.m in Sources */ = {isa = PBXBuildFile; fileRef = 092214B91A25411E002A614A /* COOLWeatherAPIImpl.m */; };
		092214C41A2541F5002A614A /* COOLLocationsSearchAPIResponse.m in Sources */ = {isa = PBXBuildFile; fileRef = 092214C31A2541F5002A614A /* COOLLocationsSearchAPIResponse.m */; };
		092214CF1A2543CC002A614A /* COOLSearchAPIRequest.m in Sources */ = {isa = PBXBuildFile; fileRef = 092214CE1A2543CC002A614A /* COOLSearchAPIRequest.m */; };
		092214D21A2543DF002A614A /* COOLDailyForecastAPIRequest.m in Sources */ = {isa = PBXBuildFile; fileRef = 092214D11A2543DF002A614A /* COOLDailyForecastAPIRequest.m */; };
		092214D51A254471002A614A /* COOLWeatherAPIRequestSerializer.m in Sources */ = {isa = PBXBuildFile; fileRef = 092214D41A254471002A614A /* COOLWeatherAPIRequestSerializer.m */; };
		092214F41A25E0E3002A614A /* Forecast.m in Sources */ = {isa = PBXBuildFile; fileRef = 092214EA1A25E0E3002A614A /* Forecast.m */; };
		092214F51A25E0E3002A614A /* Hourly.m in Sources */ = {isa = PBXBuildFile; fileRef = 092214ED1A25E0E3002A614A /* Hourly.m */; };
		092214F71A25E0E3002A614A /* Weather.m in Sources */ = {isa = PBXBuildFile; fileRef = 092214F11A25E0E3002A614A /* Weather.m */; };
		092214F81A25E0E3002A614A /* WeatherDesc.m in Sources */ = {isa = PBXBuildFile; fileRef = 092214F31A25E0E3002A614A /* WeatherDesc.m */; };
		092214FB1A25E69D002A614A /* COOLDailyForecastAPIResponse.m in Sources */ = {isa = PBXBuildFile; fileRef = 092214FA1A25E69D002A614A /* COOLDailyForecastAPIResponse.m */; };
		092215001A25E80A002A614A /* NetworkComponents.m in Sources */ = {isa = PBXBuildFile; fileRef = 092214FF1A25E80A002A614A /* NetworkComponents.m */; };
		092215041A25E96D002A614A /* EKObjectMapping+Transfromers.m in Sources */ = {isa = PBXBuildFile; fileRef = 092215031A25E96D002A614A /* EKObjectMapping+Transfromers.m */; };
		092215251A25EFBC002A614A /* AreaName.m in Sources */ = {isa = PBXBuildFile; fileRef = 0922151E1A25EFBC002A614A /* AreaName.m */; };
		092215261A25EFBC002A614A /* Location.m in Sources */ = {isa = PBXBuildFile; fileRef = 092215201A25EFBC002A614A /* Location.m */; };
		092215271A25EFBC002A614A /* Country.m in Sources */ = {isa = PBXBuildFile; fileRef = 092215221A25EFBC002A614A /* Country.m */; };
		092215281A25EFBC002A614A /* Region.m in Sources */ = {isa = PBXBuildFile; fileRef = 092215241A25EFBC002A614A /* Region.m */; };
		092215311A25F6BF002A614A /* COOLForecastDataSourceImpl.m in Sources */ = {isa = PBXBuildFile; fileRef = 092215301A25F6BF002A614A /* COOLForecastDataSourceImpl.m */; };
		092215341A25F6DC002A614A /* COOLLocationsDataSourceImpl.m in Sources */ = {isa = PBXBuildFile; fileRef = 092215331A25F6DC002A614A /* COOLLocationsDataSourceImpl.m */; };
		093876D21A26250300ADF480 /* COOLTodayViewController.m in Sources */ = {isa = PBXBuildFile; fileRef = 093876D11A26250300ADF480 /* COOLTodayViewController.m */; };
		093876D51A26251900ADF480 /* COOLSettingsViewController.m in Sources */ = {isa = PBXBuildFile; fileRef = 093876D41A26251900ADF480 /* COOLSettingsViewController.m */; };
		093876D81A26252E00ADF480 /* COOLDailyForecastViewController.m in Sources */ = {isa = PBXBuildFile; fileRef = 093876D71A26252E00ADF480 /* COOLDailyForecastViewController.m */; };
		093876DB1A26256300ADF480 /* COOLLocationsViewController.m in Sources */ = {isa = PBXBuildFile; fileRef = 093876DA1A26256300ADF480 /* COOLLocationsViewController.m */; };
		093876E11A26258900ADF480 /* UIViewController+SegueUserInfo.m in Sources */ = {isa = PBXBuildFile; fileRef = 093876DE1A26258900ADF480 /* UIViewController+SegueUserInfo.m */; };
		093876E21A26258900ADF480 /* UIViewController+Typhoon.m in Sources */ = {isa = PBXBuildFile; fileRef = 093876E01A26258900ADF480 /* UIViewController+Typhoon.m */; };
		093876E51A26272700ADF480 /* ApplicationComponents.m in Sources */ = {isa = PBXBuildFile; fileRef = 093876E41A26272700ADF480 /* ApplicationComponents.m */; };
		093876EA1A262E6E00ADF480 /* COOLStoryboardIdentifiers.m in Sources */ = {isa = PBXBuildFile; fileRef = 093876E91A262E6E00ADF480 /* COOLStoryboardIdentifiers.m */; };
		093876EF1A263A5A00ADF480 /* COOLForecastComposedDataSourceImpl.m in Sources */ = {isa = PBXBuildFile; fileRef = 093876EE1A263A5A00ADF480 /* COOLForecastComposedDataSourceImpl.m */; };
		093876F41A26444C00ADF480 /* COOLDailyForecastTableViewDataSource.m in Sources */ = {isa = PBXBuildFile; fileRef = 093876F31A26444C00ADF480 /* COOLDailyForecastTableViewDataSource.m */; };
		093876F71A26445D00ADF480 /* COOLLocationsTableViewDataSource.m in Sources */ = {isa = PBXBuildFile; fileRef = 093876F61A26445D00ADF480 /* COOLLocationsTableViewDataSource.m */; };
		093876FA1A26446D00ADF480 /* COOLLocationsSearchResultsTableViewDataSource.m in Sources */ = {isa = PBXBuildFile; fileRef = 093876F91A26446D00ADF480 /* COOLLocationsSearchResultsTableViewDataSource.m */; };
		093876FD1A26459D00ADF480 /* COOLUserLocationsUserDefaultsImpl.m in Sources */ = {isa = PBXBuildFile; fileRef = 093876FC1A26459D00ADF480 /* COOLUserLocationsUserDefaultsImpl.m */; };
		093F3BB71A7CE5FD0063AC68 /* Units.strings in Resources */ = {isa = PBXBuildFile; fileRef = 093F3BB91A7CE5FD0063AC68 /* Units.strings */; };
		099D6D1B1A293FB700776469 /* forecast.json in Resources */ = {isa = PBXBuildFile; fileRef = 099D6D181A293FB700776469 /* forecast.json */; };
		099D6D1C1A293FB700776469 /* ModelsMappingTests.m in Sources */ = {isa = PBXBuildFile; fileRef = 099D6D191A293FB700776469 /* ModelsMappingTests.m */; };
		099D6D1D1A293FB700776469 /* todayforecast.json in Resources */ = {isa = PBXBuildFile; fileRef = 099D6D1A1A293FB700776469 /* todayforecast.json */; };
		099D6D1E1A293FF200776469 /* Forecast+Mapping.m in Sources */ = {isa = PBXBuildFile; fileRef = 09085D221A29050F00A01689 /* Forecast+Mapping.m */; };
		099D6D1F1A293FF200776469 /* Hourly+Mapping.m in Sources */ = {isa = PBXBuildFile; fileRef = 09085D251A29052800A01689 /* Hourly+Mapping.m */; };
		099D6D201A293FF200776469 /* Weather+Mapping.m in Sources */ = {isa = PBXBuildFile; fileRef = 09085D281A29056000A01689 /* Weather+Mapping.m */; };
		099D6D211A293FF200776469 /* SimpleValue+Mapping.m in Sources */ = {isa = PBXBuildFile; fileRef = 09085D2E1A2905CF00A01689 /* SimpleValue+Mapping.m */; };
		099D6D221A293FF200776469 /* TimeZone+Mapping.m in Sources */ = {isa = PBXBuildFile; fileRef = 09085D311A2905E900A01689 /* TimeZone+Mapping.m */; };
		099D6D231A293FF200776469 /* Location+Mapping.m in Sources */ = {isa = PBXBuildFile; fileRef = 09085D341A29060700A01689 /* Location+Mapping.m */; };
		099D6D241A293FF800776469 /* Forecast.m in Sources */ = {isa = PBXBuildFile; fileRef = 092214EA1A25E0E3002A614A /* Forecast.m */; };
		099D6D251A293FF800776469 /* Hourly.m in Sources */ = {isa = PBXBuildFile; fileRef = 092214ED1A25E0E3002A614A /* Hourly.m */; };
		099D6D261A293FF800776469 /* Weather.m in Sources */ = {isa = PBXBuildFile; fileRef = 092214F11A25E0E3002A614A /* Weather.m */; };
		099D6D271A293FF800776469 /* WeatherDesc.m in Sources */ = {isa = PBXBuildFile; fileRef = 092214F31A25E0E3002A614A /* WeatherDesc.m */; };
		099D6D281A293FF800776469 /* TimeZone.m in Sources */ = {isa = PBXBuildFile; fileRef = 09E894751A26AABB00D7B95B /* TimeZone.m */; };
		099D6D291A293FF800776469 /* ForecastForLocation.m in Sources */ = {isa = PBXBuildFile; fileRef = 09DA49FC1A27C15800BCDB37 /* ForecastForLocation.m */; };
		099D6D2A1A293FFD00776469 /* AreaName.m in Sources */ = {isa = PBXBuildFile; fileRef = 0922151E1A25EFBC002A614A /* AreaName.m */; };
		099D6D2B1A293FFD00776469 /* Location.m in Sources */ = {isa = PBXBuildFile; fileRef = 092215201A25EFBC002A614A /* Location.m */; };
		099D6D2C1A293FFD00776469 /* Country.m in Sources */ = {isa = PBXBuildFile; fileRef = 092215221A25EFBC002A614A /* Country.m */; };
		099D6D2D1A293FFD00776469 /* Region.m in Sources */ = {isa = PBXBuildFile; fileRef = 092215241A25EFBC002A614A /* Region.m */; };
		099D6D2E1A293FFF00776469 /* SimpleValue.m in Sources */ = {isa = PBXBuildFile; fileRef = 09085D2B1A29058600A01689 /* SimpleValue.m */; };
		099D6D2F1A29400D00776469 /* EKObjectMapping+Transfromers.m in Sources */ = {isa = PBXBuildFile; fileRef = 092215031A25E96D002A614A /* EKObjectMapping+Transfromers.m */; };
		099D6D331A2947E400776469 /* MTLJSONAdapter+COOLMapper.m in Sources */ = {isa = PBXBuildFile; fileRef = 099D6D321A2947E400776469 /* MTLJSONAdapter+COOLMapper.m */; };
		09DA49FD1A27C15800BCDB37 /* ForecastForLocation.m in Sources */ = {isa = PBXBuildFile; fileRef = 09DA49FC1A27C15800BCDB37 /* ForecastForLocation.m */; };
		09DA4A011A27CEBF00BCDB37 /* COOLLocationSearchCellModel.m in Sources */ = {isa = PBXBuildFile; fileRef = 09DA4A001A27CEBF00BCDB37 /* COOLLocationSearchCellModel.m */; };
		09E894651A269B5200D7B95B /* COOLTodayContentView.m in Sources */ = {isa = PBXBuildFile; fileRef = 09E894641A269B5200D7B95B /* COOLTodayContentView.m */; };
		09E894681A269D2D00D7B95B /* COOLTodayViewModel.m in Sources */ = {isa = PBXBuildFile; fileRef = 09E894671A269D2D00D7B95B /* COOLTodayViewModel.m */; };
		09E8946E1A26A65700D7B95B /* ProximaNova-Bold.otf in Resources */ = {isa = PBXBuildFile; fileRef = 09E8946A1A26A65700D7B95B /* ProximaNova-Bold.otf */; };
		09E8946F1A26A65700D7B95B /* ProximaNova-Light.otf in Resources */ = {isa = PBXBuildFile; fileRef = 09E8946B1A26A65700D7B95B /* ProximaNova-Light.otf */; };
		09E894701A26A65700D7B95B /* ProximaNova-Regular.otf in Resources */ = {isa = PBXBuildFile; fileRef = 09E8946C1A26A65700D7B95B /* ProximaNova-Regular.otf */; };
		09E894711A26A65700D7B95B /* ProximaNova-Semibold.otf in Resources */ = {isa = PBXBuildFile; fileRef = 09E8946D1A26A65700D7B95B /* ProximaNova-Semibold.otf */; };
		09E894761A26AABB00D7B95B /* TimeZone.m in Sources */ = {isa = PBXBuildFile; fileRef = 09E894751A26AABB00D7B95B /* TimeZone.m */; };
		09ED70201A2764DF00BE573A /* COOLForecastTableViewCell.m in Sources */ = {isa = PBXBuildFile; fileRef = 09ED701F1A2764DF00BE573A /* COOLForecastTableViewCell.m */; };
		09ED70231A276F1000BE573A /* COOLForecastTableViewCellModel.m in Sources */ = {isa = PBXBuildFile; fileRef = 09ED70221A276F1000BE573A /* COOLForecastTableViewCellModel.m */; };
		09ED70251A277EC100BE573A /* COOLForecastTableViewCell.xib in Resources */ = {isa = PBXBuildFile; fileRef = 09ED70241A277EC100BE573A /* COOLForecastTableViewCell.xib */; };
		09EF1D9E1A3CBFB50045DFFE /* UIApplication+Extensions.m in Sources */ = {isa = PBXBuildFile; fileRef = 09EF1D9D1A3CBFB50045DFFE /* UIApplication+Extensions.m */; };
		4316D0801F1A329CB90D1E53 /* libPods.a in Frameworks */ = {isa = PBXBuildFile; fileRef = 6A3CC1CCAD5DE0DFDF9A83CD /* libPods.a */; };
/* End PBXBuildFile section */

/* Begin PBXContainerItemProxy section */
		099D6D131A293F9900776469 /* PBXContainerItemProxy */ = {
			isa = PBXContainerItemProxy;
			containerPortal = 0922145F1A253F86002A614A /* Project object */;
			proxyType = 1;
			remoteGlobalIDString = 092214661A253F86002A614A;
			remoteInfo = Weather;
		};
/* End PBXContainerItemProxy section */

/* Begin PBXFileReference section */
		09085CDA1A27DA7F00A01689 /* CLLocation+Extensions.h */ = {isa = PBXFileReference; fileEncoding = 4; lastKnownFileType = sourcecode.c.h; path = "CLLocation+Extensions.h"; sourceTree = "<group>"; };
		09085CDB1A27DA7F00A01689 /* CLLocation+Extensions.m */ = {isa = PBXFileReference; fileEncoding = 4; lastKnownFileType = sourcecode.c.objc; path = "CLLocation+Extensions.m"; sourceTree = "<group>"; };
		09085CDD1A27DFC800A01689 /* INTULocationManager+Extensions.h */ = {isa = PBXFileReference; fileEncoding = 4; lastKnownFileType = sourcecode.c.h; path = "INTULocationManager+Extensions.h"; sourceTree = "<group>"; };
		09085CDE1A27DFC800A01689 /* INTULocationManager+Extensions.m */ = {isa = PBXFileReference; fileEncoding = 4; lastKnownFileType = sourcecode.c.objc; path = "INTULocationManager+Extensions.m"; sourceTree = "<group>"; };
		09085CE21A2889E000A01689 /* UIAlertView+Extensions.h */ = {isa = PBXFileReference; fileEncoding = 4; lastKnownFileType = sourcecode.c.h; path = "UIAlertView+Extensions.h"; sourceTree = "<group>"; };
		09085CE31A2889E000A01689 /* UIAlertView+Extensions.m */ = {isa = PBXFileReference; fileEncoding = 4; lastKnownFileType = sourcecode.c.objc; path = "UIAlertView+Extensions.m"; sourceTree = "<group>"; };
		09085CE51A2893CB00A01689 /* COOLUserSettingsRepository.h */ = {isa = PBXFileReference; fileEncoding = 4; lastKnownFileType = sourcecode.c.h; path = COOLUserSettingsRepository.h; sourceTree = "<group>"; };
		09085CE61A2893E000A01689 /* COOLUserSettingsUserDefaultsImpl.h */ = {isa = PBXFileReference; fileEncoding = 4; lastKnownFileType = sourcecode.c.h; path = COOLUserSettingsUserDefaultsImpl.h; sourceTree = "<group>"; };
		09085CE71A2893E000A01689 /* COOLUserSettingsUserDefaultsImpl.m */ = {isa = PBXFileReference; fileEncoding = 4; lastKnownFileType = sourcecode.c.objc; path = COOLUserSettingsUserDefaultsImpl.m; sourceTree = "<group>"; };
		09085CE91A28941500A01689 /* COOLUnits.h */ = {isa = PBXFileReference; fileEncoding = 4; lastKnownFileType = sourcecode.c.h; path = COOLUnits.h; sourceTree = "<group>"; };
		09085CEA1A28A82500A01689 /* COOLForecastShareModel.h */ = {isa = PBXFileReference; fileEncoding = 4; lastKnownFileType = sourcecode.c.h; path = COOLForecastShareModel.h; sourceTree = "<group>"; };
		09085CEB1A28A82500A01689 /* COOLForecastShareModel.m */ = {isa = PBXFileReference; fileEncoding = 4; lastKnownFileType = sourcecode.c.objc; path = COOLForecastShareModel.m; sourceTree = "<group>"; };
		09085CF91A28BC1F00A01689 /* ru */ = {isa = PBXFileReference; lastKnownFileType = text.plist.strings; name = ru; path = ru.lproj/Settings.strings; sourceTree = "<group>"; };
		09085D001A28BDFB00A01689 /* en */ = {isa = PBXFileReference; lastKnownFileType = text.plist.strings; name = en; path = en.lproj/Localizable.strings; sourceTree = "<group>"; };
		09085D011A28BDFF00A01689 /* ru */ = {isa = PBXFileReference; lastKnownFileType = text.plist.strings; name = ru; path = ru.lproj/Localizable.strings; sourceTree = "<group>"; };
		09085D031A28BF1D00A01689 /* ru */ = {isa = PBXFileReference; lastKnownFileType = text.plist.strings; name = ru; path = ru.lproj/Main.strings; sourceTree = "<group>"; };
		09085D051A28C4AB00A01689 /* UIImage+Weather.h */ = {isa = PBXFileReference; fileEncoding = 4; lastKnownFileType = sourcecode.c.h; path = "UIImage+Weather.h"; sourceTree = "<group>"; };
		09085D061A28C4AB00A01689 /* UIImage+Weather.m */ = {isa = PBXFileReference; fileEncoding = 4; lastKnownFileType = sourcecode.c.objc; path = "UIImage+Weather.m"; sourceTree = "<group>"; };
		09085D091A28C5A600A01689 /* NSDate+Extensions.h */ = {isa = PBXFileReference; fileEncoding = 4; lastKnownFileType = sourcecode.c.h; path = "NSDate+Extensions.h"; sourceTree = "<group>"; };
		09085D0A1A28C5A600A01689 /* NSDate+Extensions.m */ = {isa = PBXFileReference; fileEncoding = 4; lastKnownFileType = sourcecode.c.objc; path = "NSDate+Extensions.m"; sourceTree = "<group>"; };
		09085D111A28C8D200A01689 /* ru */ = {isa = PBXFileReference; lastKnownFileType = text.plist.strings; name = ru; path = ru.lproj/Errors.strings; sourceTree = "<group>"; };
		09085D131A28CFEC00A01689 /* UIColor+Weather.h */ = {isa = PBXFileReference; fileEncoding = 4; lastKnownFileType = sourcecode.c.h; path = "UIColor+Weather.h"; sourceTree = "<group>"; };
		09085D141A28CFEC00A01689 /* UIColor+Weather.m */ = {isa = PBXFileReference; fileEncoding = 4; lastKnownFileType = sourcecode.c.objc; path = "UIColor+Weather.m"; sourceTree = "<group>"; };
		09085D171A28D01200A01689 /* UIFont+Weather.h */ = {isa = PBXFileReference; fileEncoding = 4; lastKnownFileType = sourcecode.c.h; path = "UIFont+Weather.h"; sourceTree = "<group>"; };
		09085D181A28D01200A01689 /* UIFont+Weather.m */ = {isa = PBXFileReference; fileEncoding = 4; lastKnownFileType = sourcecode.c.objc; path = "UIFont+Weather.m"; sourceTree = "<group>"; };
		09085D1A1A28DC4000A01689 /* COOLForecastViewController.h */ = {isa = PBXFileReference; fileEncoding = 4; lastKnownFileType = sourcecode.c.h; path = COOLForecastViewController.h; sourceTree = "<group>"; };
		09085D1B1A28DC4000A01689 /* COOLForecastViewController.m */ = {isa = PBXFileReference; fileEncoding = 4; lastKnownFileType = sourcecode.c.objc; path = COOLForecastViewController.m; sourceTree = "<group>"; };
		09085D211A29050F00A01689 /* Forecast+Mapping.h */ = {isa = PBXFileReference; fileEncoding = 4; lastKnownFileType = sourcecode.c.h; path = "Forecast+Mapping.h"; sourceTree = "<group>"; };
		09085D221A29050F00A01689 /* Forecast+Mapping.m */ = {isa = PBXFileReference; fileEncoding = 4; lastKnownFileType = sourcecode.c.objc; path = "Forecast+Mapping.m"; sourceTree = "<group>"; };
		09085D241A29052800A01689 /* Hourly+Mapping.h */ = {isa = PBXFileReference; fileEncoding = 4; lastKnownFileType = sourcecode.c.h; path = "Hourly+Mapping.h"; sourceTree = "<group>"; };
		09085D251A29052800A01689 /* Hourly+Mapping.m */ = {isa = PBXFileReference; fileEncoding = 4; lastKnownFileType = sourcecode.c.objc; path = "Hourly+Mapping.m"; sourceTree = "<group>"; };
		09085D271A29056000A01689 /* Weather+Mapping.h */ = {isa = PBXFileReference; fileEncoding = 4; lastKnownFileType = sourcecode.c.h; path = "Weather+Mapping.h"; sourceTree = "<group>"; };
		09085D281A29056000A01689 /* Weather+Mapping.m */ = {isa = PBXFileReference; fileEncoding = 4; lastKnownFileType = sourcecode.c.objc; path = "Weather+Mapping.m"; sourceTree = "<group>"; };
		09085D2A1A29058600A01689 /* SimpleValue.h */ = {isa = PBXFileReference; fileEncoding = 4; lastKnownFileType = sourcecode.c.h; path = SimpleValue.h; sourceTree = "<group>"; };
		09085D2B1A29058600A01689 /* SimpleValue.m */ = {isa = PBXFileReference; fileEncoding = 4; lastKnownFileType = sourcecode.c.objc; path = SimpleValue.m; sourceTree = "<group>"; };
		09085D2D1A2905CF00A01689 /* SimpleValue+Mapping.h */ = {isa = PBXFileReference; fileEncoding = 4; lastKnownFileType = sourcecode.c.h; path = "SimpleValue+Mapping.h"; sourceTree = "<group>"; };
		09085D2E1A2905CF00A01689 /* SimpleValue+Mapping.m */ = {isa = PBXFileReference; fileEncoding = 4; lastKnownFileType = sourcecode.c.objc; path = "SimpleValue+Mapping.m"; sourceTree = "<group>"; };
		09085D301A2905E900A01689 /* TimeZone+Mapping.h */ = {isa = PBXFileReference; fileEncoding = 4; lastKnownFileType = sourcecode.c.h; path = "TimeZone+Mapping.h"; sourceTree = "<group>"; };
		09085D311A2905E900A01689 /* TimeZone+Mapping.m */ = {isa = PBXFileReference; fileEncoding = 4; lastKnownFileType = sourcecode.c.objc; path = "TimeZone+Mapping.m"; sourceTree = "<group>"; };
		09085D331A29060700A01689 /* Location+Mapping.h */ = {isa = PBXFileReference; fileEncoding = 4; lastKnownFileType = sourcecode.c.h; path = "Location+Mapping.h"; sourceTree = "<group>"; };
		09085D341A29060700A01689 /* Location+Mapping.m */ = {isa = PBXFileReference; fileEncoding = 4; lastKnownFileType = sourcecode.c.objc; path = "Location+Mapping.m"; sourceTree = "<group>"; };
		092214671A253F86002A614A /* Weather.app */ = {isa = PBXFileReference; explicitFileType = wrapper.application; includeInIndex = 0; path = Weather.app; sourceTree = BUILT_PRODUCTS_DIR; };
		0922146B1A253F86002A614A /* Info.plist */ = {isa = PBXFileReference; lastKnownFileType = text.plist.xml; path = Info.plist; sourceTree = "<group>"; };
		0922146C1A253F86002A614A /* main.m */ = {isa = PBXFileReference; lastKnownFileType = sourcecode.c.objc; path = main.m; sourceTree = "<group>"; };
		092214751A253F86002A614A /* Base */ = {isa = PBXFileReference; lastKnownFileType = file.storyboard; name = Base; path = Base.lproj/Main.storyboard; sourceTree = "<group>"; };
		092214771A253F86002A614A /* Images.xcassets */ = {isa = PBXFileReference; lastKnownFileType = folder.assetcatalog; path = Images.xcassets; sourceTree = "<group>"; };
		0922147A1A253F86002A614A /* Base */ = {isa = PBXFileReference; lastKnownFileType = file.xib; name = Base; path = Base.lproj/LaunchScreen.xib; sourceTree = "<group>"; };
		092214921A25401C002A614A /* COOLAppDelegate.h */ = {isa = PBXFileReference; fileEncoding = 4; lastKnownFileType = sourcecode.c.h; path = COOLAppDelegate.h; sourceTree = "<group>"; };
		092214931A25401C002A614A /* COOLAppDelegate.m */ = {isa = PBXFileReference; fileEncoding = 4; lastKnownFileType = sourcecode.c.objc; path = COOLAppDelegate.m; sourceTree = "<group>"; };
		092214B81A25411E002A614A /* COOLWeatherAPIImpl.h */ = {isa = PBXFileReference; fileEncoding = 4; lastKnownFileType = sourcecode.c.h; path = COOLWeatherAPIImpl.h; sourceTree = "<group>"; };
		092214B91A25411E002A614A /* COOLWeatherAPIImpl.m */ = {isa = PBXFileReference; fileEncoding = 4; lastKnownFileType = sourcecode.c.objc; path = COOLWeatherAPIImpl.m; sourceTree = "<group>"; };
		092214C11A25412A002A614A /* COOLWeatherAPI.h */ = {isa = PBXFileReference; fileEncoding = 4; lastKnownFileType = sourcecode.c.h; path = COOLWeatherAPI.h; sourceTree = "<group>"; };
		092214C21A2541F5002A614A /* COOLLocationsSearchAPIResponse.h */ = {isa = PBXFileReference; fileEncoding = 4; lastKnownFileType = sourcecode.c.h; path = COOLLocationsSearchAPIResponse.h; sourceTree = "<group>"; };
		092214C31A2541F5002A614A /* COOLLocationsSearchAPIResponse.m */ = {isa = PBXFileReference; fileEncoding = 4; lastKnownFileType = sourcecode.c.objc; path = COOLLocationsSearchAPIResponse.m; sourceTree = "<group>"; };
		092214CD1A2543CC002A614A /* COOLSearchAPIRequest.h */ = {isa = PBXFileReference; fileEncoding = 4; lastKnownFileType = sourcecode.c.h; path = COOLSearchAPIRequest.h; sourceTree = "<group>"; };
		092214CE1A2543CC002A614A /* COOLSearchAPIRequest.m */ = {isa = PBXFileReference; fileEncoding = 4; lastKnownFileType = sourcecode.c.objc; path = COOLSearchAPIRequest.m; sourceTree = "<group>"; };
		092214D01A2543DF002A614A /* COOLDailyForecastAPIRequest.h */ = {isa = PBXFileReference; fileEncoding = 4; lastKnownFileType = sourcecode.c.h; path = COOLDailyForecastAPIRequest.h; sourceTree = "<group>"; };
		092214D11A2543DF002A614A /* COOLDailyForecastAPIRequest.m */ = {isa = PBXFileReference; fileEncoding = 4; lastKnownFileType = sourcecode.c.objc; path = COOLDailyForecastAPIRequest.m; sourceTree = "<group>"; };
		092214D31A254471002A614A /* COOLWeatherAPIRequestSerializer.h */ = {isa = PBXFileReference; fileEncoding = 4; lastKnownFileType = sourcecode.c.h; path = COOLWeatherAPIRequestSerializer.h; sourceTree = "<group>"; };
		092214D41A254471002A614A /* COOLWeatherAPIRequestSerializer.m */ = {isa = PBXFileReference; fileEncoding = 4; lastKnownFileType = sourcecode.c.objc; path = COOLWeatherAPIRequestSerializer.m; sourceTree = "<group>"; };
		092214D61A2545AD002A614A /* COOLWeatherAPIRequests.h */ = {isa = PBXFileReference; fileEncoding = 4; lastKnownFileType = sourcecode.c.h; path = COOLWeatherAPIRequests.h; sourceTree = "<group>"; };
		092214D71A2545BB002A614A /* COOLWeatherAPIResponses.h */ = {isa = PBXFileReference; fileEncoding = 4; lastKnownFileType = sourcecode.c.h; path = COOLWeatherAPIResponses.h; sourceTree = "<group>"; };
		092214E91A25E0E3002A614A /* Forecast.h */ = {isa = PBXFileReference; fileEncoding = 4; lastKnownFileType = sourcecode.c.h; path = Forecast.h; sourceTree = "<group>"; };
		092214EA1A25E0E3002A614A /* Forecast.m */ = {isa = PBXFileReference; fileEncoding = 4; lastKnownFileType = sourcecode.c.objc; path = Forecast.m; sourceTree = "<group>"; };
		092214EB1A25E0E3002A614A /* DataModels.h */ = {isa = PBXFileReference; fileEncoding = 4; lastKnownFileType = sourcecode.c.h; path = DataModels.h; sourceTree = "<group>"; };
		092214EC1A25E0E3002A614A /* Hourly.h */ = {isa = PBXFileReference; fileEncoding = 4; lastKnownFileType = sourcecode.c.h; path = Hourly.h; sourceTree = "<group>"; };
		092214ED1A25E0E3002A614A /* Hourly.m */ = {isa = PBXFileReference; fileEncoding = 4; lastKnownFileType = sourcecode.c.objc; path = Hourly.m; sourceTree = "<group>"; };
		092214F01A25E0E3002A614A /* Weather.h */ = {isa = PBXFileReference; fileEncoding = 4; lastKnownFileType = sourcecode.c.h; path = Weather.h; sourceTree = "<group>"; };
		092214F11A25E0E3002A614A /* Weather.m */ = {isa = PBXFileReference; fileEncoding = 4; lastKnownFileType = sourcecode.c.objc; path = Weather.m; sourceTree = "<group>"; };
		092214F21A25E0E3002A614A /* WeatherDesc.h */ = {isa = PBXFileReference; fileEncoding = 4; lastKnownFileType = sourcecode.c.h; path = WeatherDesc.h; sourceTree = "<group>"; };
		092214F31A25E0E3002A614A /* WeatherDesc.m */ = {isa = PBXFileReference; fileEncoding = 4; lastKnownFileType = sourcecode.c.objc; path = WeatherDesc.m; sourceTree = "<group>"; };
		092214F91A25E69D002A614A /* COOLDailyForecastAPIResponse.h */ = {isa = PBXFileReference; fileEncoding = 4; lastKnownFileType = sourcecode.c.h; path = COOLDailyForecastAPIResponse.h; sourceTree = "<group>"; };
		092214FA1A25E69D002A614A /* COOLDailyForecastAPIResponse.m */ = {isa = PBXFileReference; fileEncoding = 4; lastKnownFileType = sourcecode.c.objc; path = COOLDailyForecastAPIResponse.m; sourceTree = "<group>"; };
		092214FE1A25E80A002A614A /* NetworkComponents.h */ = {isa = PBXFileReference; fileEncoding = 4; lastKnownFileType = sourcecode.c.h; path = NetworkComponents.h; sourceTree = "<group>"; };
		092214FF1A25E80A002A614A /* NetworkComponents.m */ = {isa = PBXFileReference; fileEncoding = 4; lastKnownFileType = sourcecode.c.objc; path = NetworkComponents.m; sourceTree = "<group>"; };
		092215021A25E96D002A614A /* EKObjectMapping+Transfromers.h */ = {isa = PBXFileReference; fileEncoding = 4; lastKnownFileType = sourcecode.c.h; path = "EKObjectMapping+Transfromers.h"; sourceTree = "<group>"; };
		092215031A25E96D002A614A /* EKObjectMapping+Transfromers.m */ = {isa = PBXFileReference; fileEncoding = 4; lastKnownFileType = sourcecode.c.objc; path = "EKObjectMapping+Transfromers.m"; sourceTree = "<group>"; };
		0922151D1A25EFBC002A614A /* AreaName.h */ = {isa = PBXFileReference; fileEncoding = 4; lastKnownFileType = sourcecode.c.h; path = AreaName.h; sourceTree = "<group>"; };
		0922151E1A25EFBC002A614A /* AreaName.m */ = {isa = PBXFileReference; fileEncoding = 4; lastKnownFileType = sourcecode.c.objc; path = AreaName.m; sourceTree = "<group>"; };
		0922151F1A25EFBC002A614A /* Location.h */ = {isa = PBXFileReference; fileEncoding = 4; lastKnownFileType = sourcecode.c.h; path = Location.h; sourceTree = "<group>"; };
		092215201A25EFBC002A614A /* Location.m */ = {isa = PBXFileReference; fileEncoding = 4; lastKnownFileType = sourcecode.c.objc; path = Location.m; sourceTree = "<group>"; };
		092215211A25EFBC002A614A /* Country.h */ = {isa = PBXFileReference; fileEncoding = 4; lastKnownFileType = sourcecode.c.h; path = Country.h; sourceTree = "<group>"; };
		092215221A25EFBC002A614A /* Country.m */ = {isa = PBXFileReference; fileEncoding = 4; lastKnownFileType = sourcecode.c.objc; path = Country.m; sourceTree = "<group>"; };
		092215231A25EFBC002A614A /* Region.h */ = {isa = PBXFileReference; fileEncoding = 4; lastKnownFileType = sourcecode.c.h; path = Region.h; sourceTree = "<group>"; };
		092215241A25EFBC002A614A /* Region.m */ = {isa = PBXFileReference; fileEncoding = 4; lastKnownFileType = sourcecode.c.objc; path = Region.m; sourceTree = "<group>"; };
		0922152A1A25F589002A614A /* COOLLocationsDataSource.h */ = {isa = PBXFileReference; fileEncoding = 4; lastKnownFileType = sourcecode.c.h; path = COOLLocationsDataSource.h; sourceTree = "<group>"; };
		0922152B1A25F59C002A614A /* COOLForecastDataSource.h */ = {isa = PBXFileReference; fileEncoding = 4; lastKnownFileType = sourcecode.c.h; path = COOLForecastDataSource.h; sourceTree = "<group>"; };
		0922152F1A25F6BF002A614A /* COOLForecastDataSourceImpl.h */ = {isa = PBXFileReference; fileEncoding = 4; lastKnownFileType = sourcecode.c.h; path = COOLForecastDataSourceImpl.h; sourceTree = "<group>"; };
		092215301A25F6BF002A614A /* COOLForecastDataSourceImpl.m */ = {isa = PBXFileReference; fileEncoding = 4; lastKnownFileType = sourcecode.c.objc; path = COOLForecastDataSourceImpl.m; sourceTree = "<group>"; };
		092215321A25F6DC002A614A /* COOLLocationsDataSourceImpl.h */ = {isa = PBXFileReference; fileEncoding = 4; lastKnownFileType = sourcecode.c.h; path = COOLLocationsDataSourceImpl.h; sourceTree = "<group>"; };
		092215331A25F6DC002A614A /* COOLLocationsDataSourceImpl.m */ = {isa = PBXFileReference; fileEncoding = 4; lastKnownFileType = sourcecode.c.objc; path = COOLLocationsDataSourceImpl.m; sourceTree = "<group>"; };
		093876D01A26250300ADF480 /* COOLTodayViewController.h */ = {isa = PBXFileReference; fileEncoding = 4; lastKnownFileType = sourcecode.c.h; path = COOLTodayViewController.h; sourceTree = "<group>"; };
		093876D11A26250300ADF480 /* COOLTodayViewController.m */ = {isa = PBXFileReference; fileEncoding = 4; lastKnownFileType = sourcecode.c.objc; path = COOLTodayViewController.m; sourceTree = "<group>"; };
		093876D31A26251900ADF480 /* COOLSettingsViewController.h */ = {isa = PBXFileReference; fileEncoding = 4; lastKnownFileType = sourcecode.c.h; path = COOLSettingsViewController.h; sourceTree = "<group>"; };
		093876D41A26251900ADF480 /* COOLSettingsViewController.m */ = {isa = PBXFileReference; fileEncoding = 4; lastKnownFileType = sourcecode.c.objc; path = COOLSettingsViewController.m; sourceTree = "<group>"; };
		093876D61A26252E00ADF480 /* COOLDailyForecastViewController.h */ = {isa = PBXFileReference; fileEncoding = 4; lastKnownFileType = sourcecode.c.h; path = COOLDailyForecastViewController.h; sourceTree = "<group>"; };
		093876D71A26252E00ADF480 /* COOLDailyForecastViewController.m */ = {isa = PBXFileReference; fileEncoding = 4; lastKnownFileType = sourcecode.c.objc; path = COOLDailyForecastViewController.m; sourceTree = "<group>"; };
		093876D91A26256300ADF480 /* COOLLocationsViewController.h */ = {isa = PBXFileReference; fileEncoding = 4; lastKnownFileType = sourcecode.c.h; path = COOLLocationsViewController.h; sourceTree = "<group>"; };
		093876DA1A26256300ADF480 /* COOLLocationsViewController.m */ = {isa = PBXFileReference; fileEncoding = 4; lastKnownFileType = sourcecode.c.objc; path = COOLLocationsViewController.m; sourceTree = "<group>"; };
		093876DD1A26258900ADF480 /* UIViewController+SegueUserInfo.h */ = {isa = PBXFileReference; fileEncoding = 4; lastKnownFileType = sourcecode.c.h; path = "UIViewController+SegueUserInfo.h"; sourceTree = "<group>"; };
		093876DE1A26258900ADF480 /* UIViewController+SegueUserInfo.m */ = {isa = PBXFileReference; fileEncoding = 4; lastKnownFileType = sourcecode.c.objc; path = "UIViewController+SegueUserInfo.m"; sourceTree = "<group>"; };
		093876DF1A26258900ADF480 /* UIViewController+Typhoon.h */ = {isa = PBXFileReference; fileEncoding = 4; lastKnownFileType = sourcecode.c.h; path = "UIViewController+Typhoon.h"; sourceTree = "<group>"; };
		093876E01A26258900ADF480 /* UIViewController+Typhoon.m */ = {isa = PBXFileReference; fileEncoding = 4; lastKnownFileType = sourcecode.c.objc; path = "UIViewController+Typhoon.m"; sourceTree = "<group>"; };
		093876E31A26272700ADF480 /* ApplicationComponents.h */ = {isa = PBXFileReference; fileEncoding = 4; lastKnownFileType = sourcecode.c.h; path = ApplicationComponents.h; sourceTree = "<group>"; };
		093876E41A26272700ADF480 /* ApplicationComponents.m */ = {isa = PBXFileReference; fileEncoding = 4; lastKnownFileType = sourcecode.c.objc; path = ApplicationComponents.m; sourceTree = "<group>"; };
		093876E81A262E6E00ADF480 /* COOLStoryboardIdentifiers.h */ = {isa = PBXFileReference; fileEncoding = 4; lastKnownFileType = sourcecode.c.h; path = COOLStoryboardIdentifiers.h; sourceTree = "<group>"; };
		093876E91A262E6E00ADF480 /* COOLStoryboardIdentifiers.m */ = {isa = PBXFileReference; fileEncoding = 4; lastKnownFileType = sourcecode.c.objc; path = COOLStoryboardIdentifiers.m; sourceTree = "<group>"; };
		093876EB1A26331100ADF480 /* COOLLocationsViewInput.h */ = {isa = PBXFileReference; fileEncoding = 4; lastKnownFileType = sourcecode.c.h; path = COOLLocationsViewInput.h; sourceTree = "<group>"; };
		093876EC1A2638CE00ADF480 /* COOLForecastComposedDataSource.h */ = {isa = PBXFileReference; fileEncoding = 4; lastKnownFileType = sourcecode.c.h; path = COOLForecastComposedDataSource.h; sourceTree = "<group>"; };
		093876ED1A263A5A00ADF480 /* COOLForecastComposedDataSourceImpl.h */ = {isa = PBXFileReference; fileEncoding = 4; lastKnownFileType = sourcecode.c.h; path = COOLForecastComposedDataSourceImpl.h; sourceTree = "<group>"; };
		093876EE1A263A5A00ADF480 /* COOLForecastComposedDataSourceImpl.m */ = {isa = PBXFileReference; fileEncoding = 4; lastKnownFileType = sourcecode.c.objc; path = COOLForecastComposedDataSourceImpl.m; sourceTree = "<group>"; };
		093876F01A263D7600ADF480 /* COOLUserLocationsRepository.h */ = {isa = PBXFileReference; fileEncoding = 4; lastKnownFileType = sourcecode.c.h; path = COOLUserLocationsRepository.h; sourceTree = "<group>"; };
		093876F21A26444C00ADF480 /* COOLDailyForecastTableViewDataSource.h */ = {isa = PBXFileReference; fileEncoding = 4; lastKnownFileType = sourcecode.c.h; path = COOLDailyForecastTableViewDataSource.h; sourceTree = "<group>"; };
		093876F31A26444C00ADF480 /* COOLDailyForecastTableViewDataSource.m */ = {isa = PBXFileReference; fileEncoding = 4; lastKnownFileType = sourcecode.c.objc; path = COOLDailyForecastTableViewDataSource.m; sourceTree = "<group>"; };
		093876F51A26445D00ADF480 /* COOLLocationsTableViewDataSource.h */ = {isa = PBXFileReference; fileEncoding = 4; lastKnownFileType = sourcecode.c.h; path = COOLLocationsTableViewDataSource.h; sourceTree = "<group>"; };
		093876F61A26445D00ADF480 /* COOLLocationsTableViewDataSource.m */ = {isa = PBXFileReference; fileEncoding = 4; lastKnownFileType = sourcecode.c.objc; path = COOLLocationsTableViewDataSource.m; sourceTree = "<group>"; };
		093876F81A26446D00ADF480 /* COOLLocationsSearchResultsTableViewDataSource.h */ = {isa = PBXFileReference; fileEncoding = 4; lastKnownFileType = sourcecode.c.h; path = COOLLocationsSearchResultsTableViewDataSource.h; sourceTree = "<group>"; };
		093876F91A26446D00ADF480 /* COOLLocationsSearchResultsTableViewDataSource.m */ = {isa = PBXFileReference; fileEncoding = 4; lastKnownFileType = sourcecode.c.objc; path = COOLLocationsSearchResultsTableViewDataSource.m; sourceTree = "<group>"; };
		093876FB1A26459D00ADF480 /* COOLUserLocationsUserDefaultsImpl.h */ = {isa = PBXFileReference; fileEncoding = 4; lastKnownFileType = sourcecode.c.h; path = COOLUserLocationsUserDefaultsImpl.h; sourceTree = "<group>"; };
		093876FC1A26459D00ADF480 /* COOLUserLocationsUserDefaultsImpl.m */ = {isa = PBXFileReference; fileEncoding = 4; lastKnownFileType = sourcecode.c.objc; path = COOLUserLocationsUserDefaultsImpl.m; sourceTree = "<group>"; };
		093876FE1A26485000ADF480 /* COOLLocationsSelection.h */ = {isa = PBXFileReference; fileEncoding = 4; lastKnownFileType = sourcecode.c.h; path = COOLLocationsSelection.h; sourceTree = "<group>"; };
		093F3BAC1A7CE1C30063AC68 /* COOLForecastDataSourceFactory.h */ = {isa = PBXFileReference; fileEncoding = 4; lastKnownFileType = sourcecode.c.h; path = COOLForecastDataSourceFactory.h; sourceTree = "<group>"; };
		093F3BB31A7CE57E0063AC68 /* en */ = {isa = PBXFileReference; lastKnownFileType = text.plist.strings; name = en; path = en.lproj/Main.strings; sourceTree = "<group>"; };
		093F3BB41A7CE5BF0063AC68 /* en */ = {isa = PBXFileReference; lastKnownFileType = text.plist.strings; name = en; path = en.lproj/Settings.strings; sourceTree = "<group>"; };
		093F3BB81A7CE5FD0063AC68 /* en */ = {isa = PBXFileReference; lastKnownFileType = text.plist.strings; name = en; path = en.lproj/Units.strings; sourceTree = "<group>"; };
		093F3BBA1A7CE5FE0063AC68 /* ru */ = {isa = PBXFileReference; lastKnownFileType = text.plist.strings; name = ru; path = ru.lproj/Units.strings; sourceTree = "<group>"; };
		093F3BBB1A7CE6030063AC68 /* en */ = {isa = PBXFileReference; lastKnownFileType = text.plist.strings; name = en; path = en.lproj/Errors.strings; sourceTree = "<group>"; };
		099D6D0D1A293F9900776469 /* Weather Tests.xctest */ = {isa = PBXFileReference; explicitFileType = wrapper.cfbundle; includeInIndex = 0; path = "Weather Tests.xctest"; sourceTree = BUILT_PRODUCTS_DIR; };
		099D6D101A293F9900776469 /* Info.plist */ = {isa = PBXFileReference; lastKnownFileType = text.plist.xml; path = Info.plist; sourceTree = "<group>"; };
		099D6D181A293FB700776469 /* forecast.json */ = {isa = PBXFileReference; fileEncoding = 4; lastKnownFileType = text.json; path = forecast.json; sourceTree = "<group>"; };
		099D6D191A293FB700776469 /* ModelsMappingTests.m */ = {isa = PBXFileReference; fileEncoding = 4; lastKnownFileType = sourcecode.c.objc; path = ModelsMappingTests.m; sourceTree = "<group>"; };
		099D6D1A1A293FB700776469 /* todayforecast.json */ = {isa = PBXFileReference; fileEncoding = 4; lastKnownFileType = text.json; path = todayforecast.json; sourceTree = "<group>"; };
		099D6D311A2947E400776469 /* MTLJSONAdapter+COOLMapper.h */ = {isa = PBXFileReference; fileEncoding = 4; lastKnownFileType = sourcecode.c.h; path = "MTLJSONAdapter+COOLMapper.h"; sourceTree = "<group>"; };
		099D6D321A2947E400776469 /* MTLJSONAdapter+COOLMapper.m */ = {isa = PBXFileReference; fileEncoding = 4; lastKnownFileType = sourcecode.c.objc; path = "MTLJSONAdapter+COOLMapper.m"; sourceTree = "<group>"; };
		09A473891A2663A5000A1B2D /* COOLTableViewDataSource.h */ = {isa = PBXFileReference; fileEncoding = 4; lastKnownFileType = sourcecode.c.h; path = COOLTableViewDataSource.h; sourceTree = "<group>"; };
		09DA49FB1A27C15800BCDB37 /* ForecastForLocation.h */ = {isa = PBXFileReference; fileEncoding = 4; lastKnownFileType = sourcecode.c.h; path = ForecastForLocation.h; sourceTree = "<group>"; };
		09DA49FC1A27C15800BCDB37 /* ForecastForLocation.m */ = {isa = PBXFileReference; fileEncoding = 4; lastKnownFileType = sourcecode.c.objc; path = ForecastForLocation.m; sourceTree = "<group>"; };
		09DA49FE1A27C54200BCDB37 /* COOLNotifications.h */ = {isa = PBXFileReference; fileEncoding = 4; lastKnownFileType = sourcecode.c.h; path = COOLNotifications.h; sourceTree = "<group>"; };
		09DA49FF1A27CEBF00BCDB37 /* COOLLocationSearchCellModel.h */ = {isa = PBXFileReference; fileEncoding = 4; lastKnownFileType = sourcecode.c.h; path = COOLLocationSearchCellModel.h; sourceTree = "<group>"; };
		09DA4A001A27CEBF00BCDB37 /* COOLLocationSearchCellModel.m */ = {isa = PBXFileReference; fileEncoding = 4; lastKnownFileType = sourcecode.c.objc; path = COOLLocationSearchCellModel.m; sourceTree = "<group>"; };
		09DA4A021A27D14100BCDB37 /* COOLForecastTableViewCellPresentation.h */ = {isa = PBXFileReference; fileEncoding = 4; lastKnownFileType = sourcecode.c.h; path = COOLForecastTableViewCellPresentation.h; sourceTree = "<group>"; };
		09DA4A031A27D22000BCDB37 /* COOLTodayViewPresentation.h */ = {isa = PBXFileReference; fileEncoding = 4; lastKnownFileType = sourcecode.c.h; path = COOLTodayViewPresentation.h; sourceTree = "<group>"; };
		09DA4A041A27D36400BCDB37 /* COOLocationSearchCellPresentation.h */ = {isa = PBXFileReference; fileEncoding = 4; lastKnownFileType = sourcecode.c.h; path = COOLocationSearchCellPresentation.h; sourceTree = "<group>"; };
		09E894631A269B5200D7B95B /* COOLTodayContentView.h */ = {isa = PBXFileReference; fileEncoding = 4; lastKnownFileType = sourcecode.c.h; path = COOLTodayContentView.h; sourceTree = "<group>"; };
		09E894641A269B5200D7B95B /* COOLTodayContentView.m */ = {isa = PBXFileReference; fileEncoding = 4; lastKnownFileType = sourcecode.c.objc; path = COOLTodayContentView.m; sourceTree = "<group>"; };
		09E894661A269D2D00D7B95B /* COOLTodayViewModel.h */ = {isa = PBXFileReference; fileEncoding = 4; lastKnownFileType = sourcecode.c.h; path = COOLTodayViewModel.h; sourceTree = "<group>"; };
		09E894671A269D2D00D7B95B /* COOLTodayViewModel.m */ = {isa = PBXFileReference; fileEncoding = 4; lastKnownFileType = sourcecode.c.objc; path = COOLTodayViewModel.m; sourceTree = "<group>"; };
		09E8946A1A26A65700D7B95B /* ProximaNova-Bold.otf */ = {isa = PBXFileReference; lastKnownFileType = file; path = "ProximaNova-Bold.otf"; sourceTree = "<group>"; };
		09E8946B1A26A65700D7B95B /* ProximaNova-Light.otf */ = {isa = PBXFileReference; lastKnownFileType = file; path = "ProximaNova-Light.otf"; sourceTree = "<group>"; };
		09E8946C1A26A65700D7B95B /* ProximaNova-Regular.otf */ = {isa = PBXFileReference; lastKnownFileType = file; path = "ProximaNova-Regular.otf"; sourceTree = "<group>"; };
		09E8946D1A26A65700D7B95B /* ProximaNova-Semibold.otf */ = {isa = PBXFileReference; lastKnownFileType = file; path = "ProximaNova-Semibold.otf"; sourceTree = "<group>"; };
		09E894741A26AABB00D7B95B /* TimeZone.h */ = {isa = PBXFileReference; fileEncoding = 4; lastKnownFileType = sourcecode.c.h; path = TimeZone.h; sourceTree = "<group>"; };
		09E894751A26AABB00D7B95B /* TimeZone.m */ = {isa = PBXFileReference; fileEncoding = 4; lastKnownFileType = sourcecode.c.objc; path = TimeZone.m; sourceTree = "<group>"; };
		09ED701E1A2764DF00BE573A /* COOLForecastTableViewCell.h */ = {isa = PBXFileReference; fileEncoding = 4; lastKnownFileType = sourcecode.c.h; path = COOLForecastTableViewCell.h; sourceTree = "<group>"; };
		09ED701F1A2764DF00BE573A /* COOLForecastTableViewCell.m */ = {isa = PBXFileReference; fileEncoding = 4; lastKnownFileType = sourcecode.c.objc; path = COOLForecastTableViewCell.m; sourceTree = "<group>"; };
		09ED70211A276F1000BE573A /* COOLForecastTableViewCellModel.h */ = {isa = PBXFileReference; fileEncoding = 4; lastKnownFileType = sourcecode.c.h; path = COOLForecastTableViewCellModel.h; sourceTree = "<group>"; };
		09ED70221A276F1000BE573A /* COOLForecastTableViewCellModel.m */ = {isa = PBXFileReference; fileEncoding = 4; lastKnownFileType = sourcecode.c.objc; path = COOLForecastTableViewCellModel.m; sourceTree = "<group>"; };
		09ED70241A277EC100BE573A /* COOLForecastTableViewCell.xib */ = {isa = PBXFileReference; fileEncoding = 4; lastKnownFileType = file.xib; path = COOLForecastTableViewCell.xib; sourceTree = "<group>"; };
		09EF1D9A1A3C550D0045DFFE /* InfoPlistPrefix.Debug.h */ = {isa = PBXFileReference; fileEncoding = 4; lastKnownFileType = sourcecode.c.h; path = InfoPlistPrefix.Debug.h; sourceTree = "<group>"; };
		09EF1D9B1A3C55180045DFFE /* InfoPlistPrefix.Release.h */ = {isa = PBXFileReference; lastKnownFileType = sourcecode.c.h; path = InfoPlistPrefix.Release.h; sourceTree = "<group>"; };
		09EF1D9C1A3CBFB50045DFFE /* UIApplication+Extensions.h */ = {isa = PBXFileReference; fileEncoding = 4; lastKnownFileType = sourcecode.c.h; path = "UIApplication+Extensions.h"; sourceTree = "<group>"; };
		09EF1D9D1A3CBFB50045DFFE /* UIApplication+Extensions.m */ = {isa = PBXFileReference; fileEncoding = 4; lastKnownFileType = sourcecode.c.objc; path = "UIApplication+Extensions.m"; sourceTree = "<group>"; };
		6A3CC1CCAD5DE0DFDF9A83CD /* libPods.a */ = {isa = PBXFileReference; explicitFileType = archive.ar; includeInIndex = 0; path = libPods.a; sourceTree = BUILT_PRODUCTS_DIR; };
		8F862640908586DE68591331 /* Pods.debug.xcconfig */ = {isa = PBXFileReference; includeInIndex = 1; lastKnownFileType = text.xcconfig; name = Pods.debug.xcconfig; path = "Pods/Target Support Files/Pods/Pods.debug.xcconfig"; sourceTree = "<group>"; };
		A8CAB8E4D5C7CF2753E8992D /* Pods.release.xcconfig */ = {isa = PBXFileReference; includeInIndex = 1; lastKnownFileType = text.xcconfig; name = Pods.release.xcconfig; path = "Pods/Target Support Files/Pods/Pods.release.xcconfig"; sourceTree = "<group>"; };
/* End PBXFileReference section */

/* Begin PBXFrameworksBuildPhase section */
		092214641A253F86002A614A /* Frameworks */ = {
			isa = PBXFrameworksBuildPhase;
			buildActionMask = 2147483647;
			files = (
				4316D0801F1A329CB90D1E53 /* libPods.a in Frameworks */,
			);
			runOnlyForDeploymentPostprocessing = 0;
		};
		099D6D0A1A293F9900776469 /* Frameworks */ = {
			isa = PBXFrameworksBuildPhase;
			buildActionMask = 2147483647;
			files = (
			);
			runOnlyForDeploymentPostprocessing = 0;
		};
/* End PBXFrameworksBuildPhase section */

/* Begin PBXGroup section */
		04D8BADDD9ECCC1BD4103FA7 /* Pods */ = {
			isa = PBXGroup;
			children = (
				8F862640908586DE68591331 /* Pods.debug.xcconfig */,
				A8CAB8E4D5C7CF2753E8992D /* Pods.release.xcconfig */,
			);
			name = Pods;
			sourceTree = "<group>";
		};
		09085CD91A27DA3800A01689 /* CLLocation */ = {
			isa = PBXGroup;
			children = (
				09085CDA1A27DA7F00A01689 /* CLLocation+Extensions.h */,
				09085CDB1A27DA7F00A01689 /* CLLocation+Extensions.m */,
				09085CDD1A27DFC800A01689 /* INTULocationManager+Extensions.h */,
				09085CDE1A27DFC800A01689 /* INTULocationManager+Extensions.m */,
			);
			path = CLLocation;
			sourceTree = "<group>";
		};
		09085CE11A2889CC00A01689 /* UIAlertView */ = {
			isa = PBXGroup;
			children = (
				09085CE21A2889E000A01689 /* UIAlertView+Extensions.h */,
				09085CE31A2889E000A01689 /* UIAlertView+Extensions.m */,
			);
			path = UIAlertView;
			sourceTree = "<group>";
		};
		09085D041A28C49900A01689 /* UIImage */ = {
			isa = PBXGroup;
			children = (
				09085D051A28C4AB00A01689 /* UIImage+Weather.h */,
				09085D061A28C4AB00A01689 /* UIImage+Weather.m */,
			);
			path = UIImage;
			sourceTree = "<group>";
		};
		09085D081A28C59700A01689 /* NSDate */ = {
			isa = PBXGroup;
			children = (
				09085D091A28C5A600A01689 /* NSDate+Extensions.h */,
				09085D0A1A28C5A600A01689 /* NSDate+Extensions.m */,
			);
			path = NSDate;
			sourceTree = "<group>";
		};
		09085D121A28CFD600A01689 /* UIColor */ = {
			isa = PBXGroup;
			children = (
				09085D131A28CFEC00A01689 /* UIColor+Weather.h */,
				09085D141A28CFEC00A01689 /* UIColor+Weather.m */,
			);
			path = UIColor;
			sourceTree = "<group>";
		};
		09085D161A28CFFD00A01689 /* UIFont */ = {
			isa = PBXGroup;
			children = (
				09085D171A28D01200A01689 /* UIFont+Weather.h */,
				09085D181A28D01200A01689 /* UIFont+Weather.m */,
			);
			path = UIFont;
			sourceTree = "<group>";
		};
		09085D201A2904F500A01689 /* Models Mapping */ = {
			isa = PBXGroup;
			children = (
				09085D211A29050F00A01689 /* Forecast+Mapping.h */,
				09085D221A29050F00A01689 /* Forecast+Mapping.m */,
				09085D241A29052800A01689 /* Hourly+Mapping.h */,
				09085D251A29052800A01689 /* Hourly+Mapping.m */,
				09085D271A29056000A01689 /* Weather+Mapping.h */,
				09085D281A29056000A01689 /* Weather+Mapping.m */,
				09085D2D1A2905CF00A01689 /* SimpleValue+Mapping.h */,
				09085D2E1A2905CF00A01689 /* SimpleValue+Mapping.m */,
				09085D301A2905E900A01689 /* TimeZone+Mapping.h */,
				09085D311A2905E900A01689 /* TimeZone+Mapping.m */,
				09085D331A29060700A01689 /* Location+Mapping.h */,
				09085D341A29060700A01689 /* Location+Mapping.m */,
			);
			path = "Models Mapping";
			sourceTree = "<group>";
		};
		0922145E1A253F86002A614A = {
			isa = PBXGroup;
			children = (
				092214691A253F86002A614A /* Weather */,
				099D6D0E1A293F9900776469 /* Weather Tests */,
				092214681A253F86002A614A /* Products */,
				686D8539725BBAE68D191E5D /* Frameworks */,
				04D8BADDD9ECCC1BD4103FA7 /* Pods */,
			);
			sourceTree = "<group>";
		};
		092214681A253F86002A614A /* Products */ = {
			isa = PBXGroup;
			children = (
				092214671A253F86002A614A /* Weather.app */,
				099D6D0D1A293F9900776469 /* Weather Tests.xctest */,
			);
			name = Products;
			sourceTree = "<group>";
		};
		092214691A253F86002A614A /* Weather */ = {
			isa = PBXGroup;
			children = (
				093876E71A262E6E00ADF480 /* Generated */,
				092214FD1A25E7F3002A614A /* Assemblies */,
				092214901A25401C002A614A /* Application */,
				092214941A25401C002A614A /* Categories */,
				092214961A25401C002A614A /* Controllers */,
				092214981A25401C002A614A /* Headers */,
				0922149A1A25401C002A614A /* Helpers */,
				0922149E1A25401C002A614A /* Models */,
				092214A41A25401C002A614A /* Protocols */,
				092214A71A25401C002A614A /* ViewModels */,
				092214A91A25401C002A614A /* Views */,
				09E894691A26A63B00D7B95B /* Resources */,
				092214741A253F86002A614A /* Main.storyboard */,
				09085CFD1A28BDF500A01689 /* Localizable.strings */,
				09085CF81A28BC1F00A01689 /* Settings.strings */,
				09085D101A28C8D000A01689 /* Errors.strings */,
				093F3BB91A7CE5FD0063AC68 /* Units.strings */,
				092214771A253F86002A614A /* Images.xcassets */,
				092214791A253F86002A614A /* LaunchScreen.xib */,
				0922146A1A253F86002A614A /* Supporting Files */,
			);
			path = Weather;
			sourceTree = "<group>";
		};
		0922146A1A253F86002A614A /* Supporting Files */ = {
			isa = PBXGroup;
			children = (
				0922146B1A253F86002A614A /* Info.plist */,
				09EF1D9A1A3C550D0045DFFE /* InfoPlistPrefix.Debug.h */,
				09EF1D9B1A3C55180045DFFE /* InfoPlistPrefix.Release.h */,
				0922146C1A253F86002A614A /* main.m */,
			);
			path = "Supporting Files";
			sourceTree = "<group>";
		};
		092214901A25401C002A614A /* Application */ = {
			isa = PBXGroup;
			children = (
				092214921A25401C002A614A /* COOLAppDelegate.h */,
				092214931A25401C002A614A /* COOLAppDelegate.m */,
			);
			path = Application;
			sourceTree = "<group>";
		};
		092214941A25401C002A614A /* Categories */ = {
			isa = PBXGroup;
			children = (
				099D6D301A2947CA00776469 /* MTLJSONAdapter */,
				09085D201A2904F500A01689 /* Models Mapping */,
				09085D161A28CFFD00A01689 /* UIFont */,
				09085D121A28CFD600A01689 /* UIColor */,
				09085D081A28C59700A01689 /* NSDate */,
				09085D041A28C49900A01689 /* UIImage */,
				09085CE11A2889CC00A01689 /* UIAlertView */,
				09085CD91A27DA3800A01689 /* CLLocation */,
				093876DC1A26258900ADF480 /* ViewController */,
				092215011A25E96D002A614A /* EKObjectMapping */,
				09EF1D9C1A3CBFB50045DFFE /* UIApplication+Extensions.h */,
				09EF1D9D1A3CBFB50045DFFE /* UIApplication+Extensions.m */,
			);
			path = Categories;
			sourceTree = "<group>";
		};
		092214961A25401C002A614A /* Controllers */ = {
			isa = PBXGroup;
			children = (
				09085D1A1A28DC4000A01689 /* COOLForecastViewController.h */,
				09085D1B1A28DC4000A01689 /* COOLForecastViewController.m */,
				093876D01A26250300ADF480 /* COOLTodayViewController.h */,
				093876D11A26250300ADF480 /* COOLTodayViewController.m */,
				093876D61A26252E00ADF480 /* COOLDailyForecastViewController.h */,
				093876D71A26252E00ADF480 /* COOLDailyForecastViewController.m */,
				093876D31A26251900ADF480 /* COOLSettingsViewController.h */,
				093876D41A26251900ADF480 /* COOLSettingsViewController.m */,
				093876D91A26256300ADF480 /* COOLLocationsViewController.h */,
				093876DA1A26256300ADF480 /* COOLLocationsViewController.m */,
			);
			path = Controllers;
			sourceTree = "<group>";
		};
		092214981A25401C002A614A /* Headers */ = {
			isa = PBXGroup;
			children = (
				09DA49FE1A27C54200BCDB37 /* COOLNotifications.h */,
				09085CE91A28941500A01689 /* COOLUnits.h */,
			);
			path = Headers;
			sourceTree = "<group>";
		};
		0922149A1A25401C002A614A /* Helpers */ = {
			isa = PBXGroup;
			children = (
				093876F11A26442400ADF480 /* Table View Data Sources */,
				092215291A25F568002A614A /* Data Sources */,
				092214B71A25411E002A614A /* Networking */,
				093876FB1A26459D00ADF480 /* COOLUserLocationsUserDefaultsImpl.h */,
				093876FC1A26459D00ADF480 /* COOLUserLocationsUserDefaultsImpl.m */,
				09085CE61A2893E000A01689 /* COOLUserSettingsUserDefaultsImpl.h */,
				09085CE71A2893E000A01689 /* COOLUserSettingsUserDefaultsImpl.m */,
			);
			path = Helpers;
			sourceTree = "<group>";
		};
		0922149E1A25401C002A614A /* Models */ = {
			isa = PBXGroup;
			children = (
				092214EB1A25E0E3002A614A /* DataModels.h */,
				09085CEA1A28A82500A01689 /* COOLForecastShareModel.h */,
				09085CEB1A28A82500A01689 /* COOLForecastShareModel.m */,
				09085D2A1A29058600A01689 /* SimpleValue.h */,
				09085D2B1A29058600A01689 /* SimpleValue.m */,
				092215061A25EF05002A614A /* Search */,
				092215051A25EEF6002A614A /* Weather */,
			);
			path = Models;
			sourceTree = "<group>";
		};
		092214A41A25401C002A614A /* Protocols */ = {
			isa = PBXGroup;
			children = (
				092214C11A25412A002A614A /* COOLWeatherAPI.h */,
				0922152A1A25F589002A614A /* COOLLocationsDataSource.h */,
				0922152B1A25F59C002A614A /* COOLForecastDataSource.h */,
				093876EB1A26331100ADF480 /* COOLLocationsViewInput.h */,
				093876EC1A2638CE00ADF480 /* COOLForecastComposedDataSource.h */,
				093876F01A263D7600ADF480 /* COOLUserLocationsRepository.h */,
				093876FE1A26485000ADF480 /* COOLLocationsSelection.h */,
				09A473891A2663A5000A1B2D /* COOLTableViewDataSource.h */,
				09DA4A021A27D14100BCDB37 /* COOLForecastTableViewCellPresentation.h */,
				09DA4A031A27D22000BCDB37 /* COOLTodayViewPresentation.h */,
				09DA4A041A27D36400BCDB37 /* COOLocationSearchCellPresentation.h */,
				09085CE51A2893CB00A01689 /* COOLUserSettingsRepository.h */,
				093F3BAC1A7CE1C30063AC68 /* COOLForecastDataSourceFactory.h */,
			);
			path = Protocols;
			sourceTree = "<group>";
		};
		092214A71A25401C002A614A /* ViewModels */ = {
			isa = PBXGroup;
			children = (
				09E894661A269D2D00D7B95B /* COOLTodayViewModel.h */,
				09E894671A269D2D00D7B95B /* COOLTodayViewModel.m */,
				09ED70211A276F1000BE573A /* COOLForecastTableViewCellModel.h */,
				09ED70221A276F1000BE573A /* COOLForecastTableViewCellModel.m */,
				09DA49FF1A27CEBF00BCDB37 /* COOLLocationSearchCellModel.h */,
				09DA4A001A27CEBF00BCDB37 /* COOLLocationSearchCellModel.m */,
			);
			path = ViewModels;
			sourceTree = "<group>";
		};
		092214A91A25401C002A614A /* Views */ = {
			isa = PBXGroup;
			children = (
				09E894631A269B5200D7B95B /* COOLTodayContentView.h */,
				09E894641A269B5200D7B95B /* COOLTodayContentView.m */,
				09ED701E1A2764DF00BE573A /* COOLForecastTableViewCell.h */,
				09ED701F1A2764DF00BE573A /* COOLForecastTableViewCell.m */,
				09ED70241A277EC100BE573A /* COOLForecastTableViewCell.xib */,
			);
			path = Views;
			sourceTree = "<group>";
		};
		092214B71A25411E002A614A /* Networking */ = {
			isa = PBXGroup;
			children = (
				092214B81A25411E002A614A /* COOLWeatherAPIImpl.h */,
				092214B91A25411E002A614A /* COOLWeatherAPIImpl.m */,
				092214D31A254471002A614A /* COOLWeatherAPIRequestSerializer.h */,
				092214D41A254471002A614A /* COOLWeatherAPIRequestSerializer.m */,
				092214CC1A254363002A614A /* Requests */,
				092214CB1A25435C002A614A /* Responses */,
			);
			path = Networking;
			sourceTree = "<group>";
		};
		092214CB1A25435C002A614A /* Responses */ = {
			isa = PBXGroup;
			children = (
				092214C21A2541F5002A614A /* COOLLocationsSearchAPIResponse.h */,
				092214C31A2541F5002A614A /* COOLLocationsSearchAPIResponse.m */,
				092214F91A25E69D002A614A /* COOLDailyForecastAPIResponse.h */,
				092214FA1A25E69D002A614A /* COOLDailyForecastAPIResponse.m */,
				092214D71A2545BB002A614A /* COOLWeatherAPIResponses.h */,
			);
			path = Responses;
			sourceTree = "<group>";
		};
		092214CC1A254363002A614A /* Requests */ = {
			isa = PBXGroup;
			children = (
				092214CD1A2543CC002A614A /* COOLSearchAPIRequest.h */,
				092214CE1A2543CC002A614A /* COOLSearchAPIRequest.m */,
				092214D01A2543DF002A614A /* COOLDailyForecastAPIRequest.h */,
				092214D11A2543DF002A614A /* COOLDailyForecastAPIRequest.m */,
				092214D61A2545AD002A614A /* COOLWeatherAPIRequests.h */,
			);
			path = Requests;
			sourceTree = "<group>";
		};
		092214FD1A25E7F3002A614A /* Assemblies */ = {
			isa = PBXGroup;
			children = (
				092214FE1A25E80A002A614A /* NetworkComponents.h */,
				092214FF1A25E80A002A614A /* NetworkComponents.m */,
				093876E31A26272700ADF480 /* ApplicationComponents.h */,
				093876E41A26272700ADF480 /* ApplicationComponents.m */,
			);
			path = Assemblies;
			sourceTree = "<group>";
		};
		092215011A25E96D002A614A /* EKObjectMapping */ = {
			isa = PBXGroup;
			children = (
				092215021A25E96D002A614A /* EKObjectMapping+Transfromers.h */,
				092215031A25E96D002A614A /* EKObjectMapping+Transfromers.m */,
			);
			path = EKObjectMapping;
			sourceTree = "<group>";
		};
		092215051A25EEF6002A614A /* Weather */ = {
			isa = PBXGroup;
			children = (
				092214E91A25E0E3002A614A /* Forecast.h */,
				092214EA1A25E0E3002A614A /* Forecast.m */,
				092214EC1A25E0E3002A614A /* Hourly.h */,
				092214ED1A25E0E3002A614A /* Hourly.m */,
				092214F01A25E0E3002A614A /* Weather.h */,
				092214F11A25E0E3002A614A /* Weather.m */,
				092214F21A25E0E3002A614A /* WeatherDesc.h */,
				092214F31A25E0E3002A614A /* WeatherDesc.m */,
				09E894741A26AABB00D7B95B /* TimeZone.h */,
				09E894751A26AABB00D7B95B /* TimeZone.m */,
				09DA49FB1A27C15800BCDB37 /* ForecastForLocation.h */,
				09DA49FC1A27C15800BCDB37 /* ForecastForLocation.m */,
			);
			path = Weather;
			sourceTree = "<group>";
		};
		092215061A25EF05002A614A /* Search */ = {
			isa = PBXGroup;
			children = (
				0922151D1A25EFBC002A614A /* AreaName.h */,
				0922151E1A25EFBC002A614A /* AreaName.m */,
				0922151F1A25EFBC002A614A /* Location.h */,
				092215201A25EFBC002A614A /* Location.m */,
				092215211A25EFBC002A614A /* Country.h */,
				092215221A25EFBC002A614A /* Country.m */,
				092215231A25EFBC002A614A /* Region.h */,
				092215241A25EFBC002A614A /* Region.m */,
			);
			path = Search;
			sourceTree = "<group>";
		};
		092215291A25F568002A614A /* Data Sources */ = {
			isa = PBXGroup;
			children = (
				0922152F1A25F6BF002A614A /* COOLForecastDataSourceImpl.h */,
				092215301A25F6BF002A614A /* COOLForecastDataSourceImpl.m */,
				092215321A25F6DC002A614A /* COOLLocationsDataSourceImpl.h */,
				092215331A25F6DC002A614A /* COOLLocationsDataSourceImpl.m */,
				093876ED1A263A5A00ADF480 /* COOLForecastComposedDataSourceImpl.h */,
				093876EE1A263A5A00ADF480 /* COOLForecastComposedDataSourceImpl.m */,
			);
			path = "Data Sources";
			sourceTree = "<group>";
		};
		093876DC1A26258900ADF480 /* ViewController */ = {
			isa = PBXGroup;
			children = (
				093876DD1A26258900ADF480 /* UIViewController+SegueUserInfo.h */,
				093876DE1A26258900ADF480 /* UIViewController+SegueUserInfo.m */,
				093876DF1A26258900ADF480 /* UIViewController+Typhoon.h */,
				093876E01A26258900ADF480 /* UIViewController+Typhoon.m */,
			);
			path = ViewController;
			sourceTree = "<group>";
		};
		093876E71A262E6E00ADF480 /* Generated */ = {
			isa = PBXGroup;
			children = (
				093876E81A262E6E00ADF480 /* COOLStoryboardIdentifiers.h */,
				093876E91A262E6E00ADF480 /* COOLStoryboardIdentifiers.m */,
			);
			path = Generated;
			sourceTree = "<group>";
		};
		093876F11A26442400ADF480 /* Table View Data Sources */ = {
			isa = PBXGroup;
			children = (
				093876F21A26444C00ADF480 /* COOLDailyForecastTableViewDataSource.h */,
				093876F31A26444C00ADF480 /* COOLDailyForecastTableViewDataSource.m */,
				093876F51A26445D00ADF480 /* COOLLocationsTableViewDataSource.h */,
				093876F61A26445D00ADF480 /* COOLLocationsTableViewDataSource.m */,
				093876F81A26446D00ADF480 /* COOLLocationsSearchResultsTableViewDataSource.h */,
				093876F91A26446D00ADF480 /* COOLLocationsSearchResultsTableViewDataSource.m */,
			);
			path = "Table View Data Sources";
			sourceTree = "<group>";
		};
		099D6D0E1A293F9900776469 /* Weather Tests */ = {
			isa = PBXGroup;
			children = (
				099D6D181A293FB700776469 /* forecast.json */,
				099D6D191A293FB700776469 /* ModelsMappingTests.m */,
				099D6D1A1A293FB700776469 /* todayforecast.json */,
				099D6D0F1A293F9900776469 /* Supporting Files */,
			);
			path = "Weather Tests";
			sourceTree = "<group>";
		};
		099D6D0F1A293F9900776469 /* Supporting Files */ = {
			isa = PBXGroup;
			children = (
				099D6D101A293F9900776469 /* Info.plist */,
			);
			path = "Supporting Files";
			sourceTree = "<group>";
		};
		099D6D301A2947CA00776469 /* MTLJSONAdapter */ = {
			isa = PBXGroup;
			children = (
				099D6D311A2947E400776469 /* MTLJSONAdapter+COOLMapper.h */,
				099D6D321A2947E400776469 /* MTLJSONAdapter+COOLMapper.m */,
			);
			path = MTLJSONAdapter;
			sourceTree = "<group>";
		};
		09E894691A26A63B00D7B95B /* Resources */ = {
			isa = PBXGroup;
			children = (
				09E8946A1A26A65700D7B95B /* ProximaNova-Bold.otf */,
				09E8946B1A26A65700D7B95B /* ProximaNova-Light.otf */,
				09E8946C1A26A65700D7B95B /* ProximaNova-Regular.otf */,
				09E8946D1A26A65700D7B95B /* ProximaNova-Semibold.otf */,
			);
			path = Resources;
			sourceTree = "<group>";
		};
		686D8539725BBAE68D191E5D /* Frameworks */ = {
			isa = PBXGroup;
			children = (
				6A3CC1CCAD5DE0DFDF9A83CD /* libPods.a */,
			);
			name = Frameworks;
			sourceTree = "<group>";
		};
/* End PBXGroup section */

/* Begin PBXNativeTarget section */
		092214661A253F86002A614A /* Weather */ = {
			isa = PBXNativeTarget;
			buildConfigurationList = 0922148A1A253F86002A614A /* Build configuration list for PBXNativeTarget "Weather" */;
			buildPhases = (
				D350BDC604E4A489B4CD73D4 /* Check Pods Manifest.lock */,
				092214631A253F86002A614A /* Sources */,
				092214641A253F86002A614A /* Frameworks */,
				092214651A253F86002A614A /* Resources */,
				093876E61A262D7200ADF480 /* Storyboard segue identifiers */,
				0AD372950B6EC81E61FC0ECC /* Copy Pods Resources */,
			);
			buildRules = (
			);
			dependencies = (
			);
			name = Weather;
			productName = Weather;
			productReference = 092214671A253F86002A614A /* Weather.app */;
			productType = "com.apple.product-type.application";
		};
		099D6D0C1A293F9900776469 /* Weather Tests */ = {
			isa = PBXNativeTarget;
			buildConfigurationList = 099D6D151A293F9900776469 /* Build configuration list for PBXNativeTarget "Weather Tests" */;
			buildPhases = (
				099D6D091A293F9900776469 /* Sources */,
				099D6D0A1A293F9900776469 /* Frameworks */,
				099D6D0B1A293F9900776469 /* Resources */,
			);
			buildRules = (
			);
			dependencies = (
				099D6D141A293F9900776469 /* PBXTargetDependency */,
			);
			name = "Weather Tests";
			productName = "Weather Tests";
			productReference = 099D6D0D1A293F9900776469 /* Weather Tests.xctest */;
			productType = "com.apple.product-type.bundle.unit-test";
		};
/* End PBXNativeTarget section */

/* Begin PBXProject section */
		0922145F1A253F86002A614A /* Project object */ = {
			isa = PBXProject;
			attributes = {
				LastUpgradeCheck = 0610;
				ORGANIZATIONNAME = "Ilya Puchka";
				TargetAttributes = {
					092214661A253F86002A614A = {
						CreatedOnToolsVersion = 6.1;
					};
					099D6D0C1A293F9900776469 = {
						CreatedOnToolsVersion = 6.1;
					};
				};
			};
			buildConfigurationList = 092214621A253F86002A614A /* Build configuration list for PBXProject "Weather" */;
			compatibilityVersion = "Xcode 3.2";
			developmentRegion = English;
			hasScannedForEncodings = 0;
			knownRegions = (
				en,
				Base,
				ru,
			);
			mainGroup = 0922145E1A253F86002A614A;
			productRefGroup = 092214681A253F86002A614A /* Products */;
			projectDirPath = "";
			projectRoot = "";
			targets = (
				092214661A253F86002A614A /* Weather */,
				099D6D0C1A293F9900776469 /* Weather Tests */,
			);
		};
/* End PBXProject section */

/* Begin PBXResourcesBuildPhase section */
		092214651A253F86002A614A /* Resources */ = {
			isa = PBXResourcesBuildPhase;
			buildActionMask = 2147483647;
			files = (
				093F3BB71A7CE5FD0063AC68 /* Units.strings in Resources */,
				09E8946F1A26A65700D7B95B /* ProximaNova-Light.otf in Resources */,
				09085CFF1A28BDF500A01689 /* Localizable.strings in Resources */,
				092214761A253F86002A614A /* Main.storyboard in Resources */,
				09E8946E1A26A65700D7B95B /* ProximaNova-Bold.otf in Resources */,
				0922147B1A253F86002A614A /* LaunchScreen.xib in Resources */,
				09085CFA1A28BC1F00A01689 /* Settings.strings in Resources */,
				092214781A253F86002A614A /* Images.xcassets in Resources */,
				09ED70251A277EC100BE573A /* COOLForecastTableViewCell.xib in Resources */,
				09E894701A26A65700D7B95B /* ProximaNova-Regular.otf in Resources */,
				09085D0E1A28C8D000A01689 /* Errors.strings in Resources */,
				09E894711A26A65700D7B95B /* ProximaNova-Semibold.otf in Resources */,
			);
			runOnlyForDeploymentPostprocessing = 0;
		};
		099D6D0B1A293F9900776469 /* Resources */ = {
			isa = PBXResourcesBuildPhase;
			buildActionMask = 2147483647;
			files = (
				099D6D1D1A293FB700776469 /* todayforecast.json in Resources */,
				099D6D1B1A293FB700776469 /* forecast.json in Resources */,
			);
			runOnlyForDeploymentPostprocessing = 0;
		};
/* End PBXResourcesBuildPhase section */

/* Begin PBXShellScriptBuildPhase section */
		093876E61A262D7200ADF480 /* Storyboard segue identifiers */ = {
			isa = PBXShellScriptBuildPhase;
			buildActionMask = 2147483647;
			files = (
			);
			inputPaths = (
				"$(SRCROOT)/Weather/Base.lproj/Main.storyboard",
			);
			name = "Storyboard segue identifiers";
			outputPaths = (
				"$(PROJECT_DIR)/Weather/Generated/COOLStoryboardIdentifiers.h",
				"$(PROJECT_DIR)/Weather/Generated/COOLStoryboardIdentifiers.m",
			);
			runOnlyForDeploymentPostprocessing = 0;
			shellPath = /bin/sh;
			shellScript = "mkdir -p \"${PROJECT_DIR}/Weather/Generated\"\n\npython \"${PROJECT_DIR}/bin/generate_constants.py\" \"${SCRIPT_OUTPUT_FILE_0}\" \"${SCRIPT_OUTPUT_FILE_1}\"";
		};
		0AD372950B6EC81E61FC0ECC /* Copy Pods Resources */ = {
			isa = PBXShellScriptBuildPhase;
			buildActionMask = 2147483647;
			files = (
			);
			inputPaths = (
			);
			name = "Copy Pods Resources";
			outputPaths = (
			);
			runOnlyForDeploymentPostprocessing = 0;
			shellPath = /bin/sh;
			shellScript = "\"${SRCROOT}/Pods/Target Support Files/Pods/Pods-resources.sh\"\n";
			showEnvVarsInLog = 0;
		};
		D350BDC604E4A489B4CD73D4 /* Check Pods Manifest.lock */ = {
			isa = PBXShellScriptBuildPhase;
			buildActionMask = 2147483647;
			files = (
			);
			inputPaths = (
			);
			name = "Check Pods Manifest.lock";
			outputPaths = (
			);
			runOnlyForDeploymentPostprocessing = 0;
			shellPath = /bin/sh;
			shellScript = "diff \"${PODS_ROOT}/../Podfile.lock\" \"${PODS_ROOT}/Manifest.lock\" > /dev/null\nif [[ $? != 0 ]] ; then\n    cat << EOM\nerror: The sandbox is not in sync with the Podfile.lock. Run 'pod install' or update your CocoaPods installation.\nEOM\n    exit 1\nfi\n";
			showEnvVarsInLog = 0;
		};
/* End PBXShellScriptBuildPhase section */

/* Begin PBXSourcesBuildPhase section */
		092214631A253F86002A614A /* Sources */ = {
			isa = PBXSourcesBuildPhase;
			buildActionMask = 2147483647;
			files = (
				09085D231A29050F00A01689 /* Forecast+Mapping.m in Sources */,
				092214F71A25E0E3002A614A /* Weather.m in Sources */,
				092214FB1A25E69D002A614A /* COOLDailyForecastAPIResponse.m in Sources */,
				093876EA1A262E6E00ADF480 /* COOLStoryboardIdentifiers.m in Sources */,
				093876E51A26272700ADF480 /* ApplicationComponents.m in Sources */,
				093876EF1A263A5A00ADF480 /* COOLForecastComposedDataSourceImpl.m in Sources */,
				092214AC1A25401C002A614A /* COOLAppDelegate.m in Sources */,
				093876FD1A26459D00ADF480 /* COOLUserLocationsUserDefaultsImpl.m in Sources */,
				09085D2C1A29058600A01689 /* SimpleValue.m in Sources */,
				093876F41A26444C00ADF480 /* COOLDailyForecastTableViewDataSource.m in Sources */,
				09085CDC1A27DA7F00A01689 /* CLLocation+Extensions.m in Sources */,
				092215311A25F6BF002A614A /* COOLForecastDataSourceImpl.m in Sources */,
				09085CEC1A28A82500A01689 /* COOLForecastShareModel.m in Sources */,
				09085D071A28C4AB00A01689 /* UIImage+Weather.m in Sources */,
				092215001A25E80A002A614A /* NetworkComponents.m in Sources */,
				09085D0B1A28C5A600A01689 /* NSDate+Extensions.m in Sources */,
				093876E11A26258900ADF480 /* UIViewController+SegueUserInfo.m in Sources */,
				092215261A25EFBC002A614A /* Location.m in Sources */,
				09EF1D9E1A3CBFB50045DFFE /* UIApplication+Extensions.m in Sources */,
				09085D291A29056000A01689 /* Weather+Mapping.m in Sources */,
				092214C41A2541F5002A614A /* COOLLocationsSearchAPIResponse.m in Sources */,
				092214F81A25E0E3002A614A /* WeatherDesc.m in Sources */,
				092214CF1A2543CC002A614A /* COOLSearchAPIRequest.m in Sources */,
				09085CDF1A27DFC800A01689 /* INTULocationManager+Extensions.m in Sources */,
				09085D261A29052800A01689 /* Hourly+Mapping.m in Sources */,
				093876D21A26250300ADF480 /* COOLTodayViewController.m in Sources */,
				09085D351A29060700A01689 /* Location+Mapping.m in Sources */,
				09085D151A28CFEC00A01689 /* UIColor+Weather.m in Sources */,
				09085D191A28D01200A01689 /* UIFont+Weather.m in Sources */,
				093876D81A26252E00ADF480 /* COOLDailyForecastViewController.m in Sources */,
				09ED70201A2764DF00BE573A /* COOLForecastTableViewCell.m in Sources */,
				09E894681A269D2D00D7B95B /* COOLTodayViewModel.m in Sources */,
				099D6D331A2947E400776469 /* MTLJSONAdapter+COOLMapper.m in Sources */,
				09085CE81A2893E000A01689 /* COOLUserSettingsUserDefaultsImpl.m in Sources */,
				09DA4A011A27CEBF00BCDB37 /* COOLLocationSearchCellModel.m in Sources */,
				092214F51A25E0E3002A614A /* Hourly.m in Sources */,
				09E894761A26AABB00D7B95B /* TimeZone.m in Sources */,
				093876DB1A26256300ADF480 /* COOLLocationsViewController.m in Sources */,
				09DA49FD1A27C15800BCDB37 /* ForecastForLocation.m in Sources */,
				092215271A25EFBC002A614A /* Country.m in Sources */,
				093876E21A26258900ADF480 /* UIViewController+Typhoon.m in Sources */,
				09085CE41A2889E000A01689 /* UIAlertView+Extensions.m in Sources */,
				093876FA1A26446D00ADF480 /* COOLLocationsSearchResultsTableViewDataSource.m in Sources */,
				092215251A25EFBC002A614A /* AreaName.m in Sources */,
				092215041A25E96D002A614A /* EKObjectMapping+Transfromers.m in Sources */,
				093876F71A26445D00ADF480 /* COOLLocationsTableViewDataSource.m in Sources */,
				092214BA1A25411E002A614A /* COOLWeatherAPIImpl.m in Sources */,
				0922146D1A253F86002A614A /* main.m in Sources */,
				092215341A25F6DC002A614A /* COOLLocationsDataSourceImpl.m in Sources */,
				092214D51A254471002A614A /* COOLWeatherAPIRequestSerializer.m in Sources */,
				092214D21A2543DF002A614A /* COOLDailyForecastAPIRequest.m in Sources */,
				09ED70231A276F1000BE573A /* COOLForecastTableViewCellModel.m in Sources */,
				092215281A25EFBC002A614A /* Region.m in Sources */,
				092214F41A25E0E3002A614A /* Forecast.m in Sources */,
				09E894651A269B5200D7B95B /* COOLTodayContentView.m in Sources */,
				093876D51A26251900ADF480 /* COOLSettingsViewController.m in Sources */,
				09085D2F1A2905CF00A01689 /* SimpleValue+Mapping.m in Sources */,
				09085D1C1A28DC4000A01689 /* COOLForecastViewController.m in Sources */,
				09085D321A2905E900A01689 /* TimeZone+Mapping.m in Sources */,
			);
			runOnlyForDeploymentPostprocessing = 0;
		};
		099D6D091A293F9900776469 /* Sources */ = {
			isa = PBXSourcesBuildPhase;
			buildActionMask = 2147483647;
			files = (
				099D6D2D1A293FFD00776469 /* Region.m in Sources */,
				099D6D281A293FF800776469 /* TimeZone.m in Sources */,
				099D6D2B1A293FFD00776469 /* Location.m in Sources */,
				099D6D211A293FF200776469 /* SimpleValue+Mapping.m in Sources */,
				099D6D251A293FF800776469 /* Hourly.m in Sources */,
				099D6D2E1A293FFF00776469 /* SimpleValue.m in Sources */,
				099D6D1F1A293FF200776469 /* Hourly+Mapping.m in Sources */,
				099D6D1C1A293FB700776469 /* ModelsMappingTests.m in Sources */,
				099D6D2F1A29400D00776469 /* EKObjectMapping+Transfromers.m in Sources */,
				099D6D261A293FF800776469 /* Weather.m in Sources */,
				099D6D1E1A293FF200776469 /* Forecast+Mapping.m in Sources */,
				099D6D2C1A293FFD00776469 /* Country.m in Sources */,
				099D6D241A293FF800776469 /* Forecast.m in Sources */,
				099D6D231A293FF200776469 /* Location+Mapping.m in Sources */,
				099D6D2A1A293FFD00776469 /* AreaName.m in Sources */,
				099D6D201A293FF200776469 /* Weather+Mapping.m in Sources */,
				099D6D291A293FF800776469 /* ForecastForLocation.m in Sources */,
				099D6D221A293FF200776469 /* TimeZone+Mapping.m in Sources */,
				099D6D271A293FF800776469 /* WeatherDesc.m in Sources */,
			);
			runOnlyForDeploymentPostprocessing = 0;
		};
/* End PBXSourcesBuildPhase section */

/* Begin PBXTargetDependency section */
		099D6D141A293F9900776469 /* PBXTargetDependency */ = {
			isa = PBXTargetDependency;
			target = 092214661A253F86002A614A /* Weather */;
			targetProxy = 099D6D131A293F9900776469 /* PBXContainerItemProxy */;
		};
/* End PBXTargetDependency section */

/* Begin PBXVariantGroup section */
		09085CF81A28BC1F00A01689 /* Settings.strings */ = {
			isa = PBXVariantGroup;
			children = (
				09085CF91A28BC1F00A01689 /* ru */,
				093F3BB41A7CE5BF0063AC68 /* en */,
			);
			name = Settings.strings;
			sourceTree = "<group>";
		};
		09085CFD1A28BDF500A01689 /* Localizable.strings */ = {
			isa = PBXVariantGroup;
			children = (
				09085D001A28BDFB00A01689 /* en */,
				09085D011A28BDFF00A01689 /* ru */,
			);
			name = Localizable.strings;
			sourceTree = "<group>";
		};
		09085D101A28C8D000A01689 /* Errors.strings */ = {
			isa = PBXVariantGroup;
			children = (
				09085D111A28C8D200A01689 /* ru */,
				093F3BBB1A7CE6030063AC68 /* en */,
			);
			name = Errors.strings;
			sourceTree = "<group>";
		};
		092214741A253F86002A614A /* Main.storyboard */ = {
			isa = PBXVariantGroup;
			children = (
				092214751A253F86002A614A /* Base */,
				09085D031A28BF1D00A01689 /* ru */,
				093F3BB31A7CE57E0063AC68 /* en */,
			);
			name = Main.storyboard;
			sourceTree = "<group>";
		};
		092214791A253F86002A614A /* LaunchScreen.xib */ = {
			isa = PBXVariantGroup;
			children = (
				0922147A1A253F86002A614A /* Base */,
			);
			name = LaunchScreen.xib;
			sourceTree = "<group>";
		};
		093F3BB91A7CE5FD0063AC68 /* Units.strings */ = {
			isa = PBXVariantGroup;
			children = (
				093F3BB81A7CE5FD0063AC68 /* en */,
				093F3BBA1A7CE5FE0063AC68 /* ru */,
			);
			name = Units.strings;
			sourceTree = "<group>";
		};
/* End PBXVariantGroup section */

/* Begin XCBuildConfiguration section */
		092214881A253F86002A614A /* Debug */ = {
			isa = XCBuildConfiguration;
			buildSettings = {
				ALWAYS_SEARCH_USER_PATHS = NO;
				CLANG_CXX_LANGUAGE_STANDARD = "gnu++0x";
				CLANG_CXX_LIBRARY = "libc++";
				CLANG_ENABLE_MODULES = YES;
				CLANG_ENABLE_OBJC_ARC = YES;
				CLANG_WARN_BOOL_CONVERSION = YES;
				CLANG_WARN_CONSTANT_CONVERSION = YES;
				CLANG_WARN_DIRECT_OBJC_ISA_USAGE = YES_ERROR;
				CLANG_WARN_EMPTY_BODY = YES;
				CLANG_WARN_ENUM_CONVERSION = YES;
				CLANG_WARN_INT_CONVERSION = YES;
				CLANG_WARN_OBJC_ROOT_CLASS = YES_ERROR;
				CLANG_WARN_UNREACHABLE_CODE = YES;
				CLANG_WARN__DUPLICATE_METHOD_MATCH = YES;
				"CODE_SIGN_IDENTITY[sdk=iphoneos*]" = "iPhone Developer";
				COPY_PHASE_STRIP = NO;
				ENABLE_STRICT_OBJC_MSGSEND = YES;
				GCC_C_LANGUAGE_STANDARD = gnu99;
				GCC_DYNAMIC_NO_PIC = NO;
				GCC_OPTIMIZATION_LEVEL = 0;
				GCC_PREPROCESSOR_DEFINITIONS = (
					"DEBUG=1",
					"$(inherited)",
				);
				GCC_SYMBOLS_PRIVATE_EXTERN = NO;
				GCC_WARN_64_TO_32_BIT_CONVERSION = YES;
				GCC_WARN_ABOUT_RETURN_TYPE = YES_ERROR;
				GCC_WARN_UNDECLARED_SELECTOR = YES;
				GCC_WARN_UNINITIALIZED_AUTOS = YES_AGGRESSIVE;
				GCC_WARN_UNUSED_FUNCTION = YES;
				GCC_WARN_UNUSED_VARIABLE = YES;
				IPHONEOS_DEPLOYMENT_TARGET = 7.1;
				MTL_ENABLE_DEBUG_INFO = YES;
				ONLY_ACTIVE_ARCH = YES;
				SDKROOT = iphoneos;
			};
			name = Debug;
		};
		092214891A253F86002A614A /* Release */ = {
			isa = XCBuildConfiguration;
			buildSettings = {
				ALWAYS_SEARCH_USER_PATHS = NO;
				CLANG_CXX_LANGUAGE_STANDARD = "gnu++0x";
				CLANG_CXX_LIBRARY = "libc++";
				CLANG_ENABLE_MODULES = YES;
				CLANG_ENABLE_OBJC_ARC = YES;
				CLANG_WARN_BOOL_CONVERSION = YES;
				CLANG_WARN_CONSTANT_CONVERSION = YES;
				CLANG_WARN_DIRECT_OBJC_ISA_USAGE = YES_ERROR;
				CLANG_WARN_EMPTY_BODY = YES;
				CLANG_WARN_ENUM_CONVERSION = YES;
				CLANG_WARN_INT_CONVERSION = YES;
				CLANG_WARN_OBJC_ROOT_CLASS = YES_ERROR;
				CLANG_WARN_UNREACHABLE_CODE = YES;
				CLANG_WARN__DUPLICATE_METHOD_MATCH = YES;
				"CODE_SIGN_IDENTITY[sdk=iphoneos*]" = "iPhone Developer";
				COPY_PHASE_STRIP = YES;
				ENABLE_NS_ASSERTIONS = NO;
				ENABLE_STRICT_OBJC_MSGSEND = YES;
				GCC_C_LANGUAGE_STANDARD = gnu99;
				GCC_WARN_64_TO_32_BIT_CONVERSION = YES;
				GCC_WARN_ABOUT_RETURN_TYPE = YES_ERROR;
				GCC_WARN_UNDECLARED_SELECTOR = YES;
				GCC_WARN_UNINITIALIZED_AUTOS = YES_AGGRESSIVE;
				GCC_WARN_UNUSED_FUNCTION = YES;
				GCC_WARN_UNUSED_VARIABLE = YES;
				IPHONEOS_DEPLOYMENT_TARGET = 7.1;
				MTL_ENABLE_DEBUG_INFO = NO;
				SDKROOT = iphoneos;
				VALIDATE_PRODUCT = YES;
			};
			name = Release;
		};
		0922148B1A253F86002A614A /* Debug */ = {
			isa = XCBuildConfiguration;
			baseConfigurationReference = 8F862640908586DE68591331 /* Pods.debug.xcconfig */;
			buildSettings = {
				ASSETCATALOG_COMPILER_APPICON_NAME = AppIcon;
				ASSETCATALOG_COMPILER_LAUNCHIMAGE_NAME = LaunchImage;
				INFOPLIST_FILE = "Weather/Supporting Files/Info.plist";
				INFOPLIST_OTHER_PREPROCESSOR_FLAGS = "";
				INFOPLIST_PREFIX_HEADER = "$(PROJECT_DIR)/$(PROJECT_NAME)/Supporting Files/InfoPlistPrefix.$(CONFIGURATION).h";
				INFOPLIST_PREPROCESS = YES;
				IPHONEOS_DEPLOYMENT_TARGET = 7.1;
				LD_RUNPATH_SEARCH_PATHS = "$(inherited) @executable_path/Frameworks";
				PRODUCT_NAME = "$(TARGET_NAME)";
			};
			name = Debug;
		};
		0922148C1A253F86002A614A /* Release */ = {
			isa = XCBuildConfiguration;
			baseConfigurationReference = A8CAB8E4D5C7CF2753E8992D /* Pods.release.xcconfig */;
			buildSettings = {
				ASSETCATALOG_COMPILER_APPICON_NAME = AppIcon;
				ASSETCATALOG_COMPILER_LAUNCHIMAGE_NAME = LaunchImage;
				INFOPLIST_FILE = "Weather/Supporting Files/Info.plist";
				INFOPLIST_OTHER_PREPROCESSOR_FLAGS = "";
				INFOPLIST_PREFIX_HEADER = "$(PROJECT_DIR)/$(PROJECT_NAME)/Supporting Files/InfoPlistPrefix.$(CONFIGURATION).h";
				INFOPLIST_PREPROCESS = YES;
				IPHONEOS_DEPLOYMENT_TARGET = 7.1;
				LD_RUNPATH_SEARCH_PATHS = "$(inherited) @executable_path/Frameworks";
				PRODUCT_NAME = "$(TARGET_NAME)";
			};
			name = Release;
		};
		099D6D161A293F9900776469 /* Debug */ = {
			isa = XCBuildConfiguration;
			baseConfigurationReference = 8F862640908586DE68591331 /* Pods.debug.xcconfig */;
			buildSettings = {
				FRAMEWORK_SEARCH_PATHS = (
					"$(SDKROOT)/Developer/Library/Frameworks",
					"$(inherited)",
				);
				GCC_PREPROCESSOR_DEFINITIONS = (
					"DEBUG=1",
					"$(inherited)",
				);
				INFOPLIST_FILE = "Weather Tests/Supporting Files/Info.plist";
				IPHONEOS_DEPLOYMENT_TARGET = 8.1;
				LD_RUNPATH_SEARCH_PATHS = "$(inherited) @executable_path/Frameworks @loader_path/Frameworks";
				PRODUCT_NAME = "$(TARGET_NAME)";
			};
			name = Debug;
		};
		099D6D171A293F9900776469 /* Release */ = {
			isa = XCBuildConfiguration;
			baseConfigurationReference = A8CAB8E4D5C7CF2753E8992D /* Pods.release.xcconfig */;
			buildSettings = {
				FRAMEWORK_SEARCH_PATHS = (
					"$(SDKROOT)/Developer/Library/Frameworks",
					"$(inherited)",
				);
				INFOPLIST_FILE = "Weather Tests/Supporting Files/Info.plist";
				IPHONEOS_DEPLOYMENT_TARGET = 8.1;
				LD_RUNPATH_SEARCH_PATHS = "$(inherited) @executable_path/Frameworks @loader_path/Frameworks";
				PRODUCT_NAME = "$(TARGET_NAME)";
			};
			name = Release;
		};
/* End XCBuildConfiguration section */

/* Begin XCConfigurationList section */
		092214621A253F86002A614A /* Build configuration list for PBXProject "Weather" */ = {
			isa = XCConfigurationList;
			buildConfigurations = (
				092214881A253F86002A614A /* Debug */,
				092214891A253F86002A614A /* Release */,
			);
			defaultConfigurationIsVisible = 0;
			defaultConfigurationName = Release;
		};
		0922148A1A253F86002A614A /* Build configuration list for PBXNativeTarget "Weather" */ = {
			isa = XCConfigurationList;
			buildConfigurations = (
				0922148B1A253F86002A614A /* Debug */,
				0922148C1A253F86002A614A /* Release */,
			);
			defaultConfigurationIsVisible = 0;
			defaultConfigurationName = Release;
		};
		099D6D151A293F9900776469 /* Build configuration list for PBXNativeTarget "Weather Tests" */ = {
			isa = XCConfigurationList;
			buildConfigurations = (
				099D6D161A293F9900776469 /* Debug */,
				099D6D171A293F9900776469 /* Release */,
			);
			defaultConfigurationIsVisible = 0;
			defaultConfigurationName = Release;
		};
/* End XCConfigurationList section */
	};
	rootObject = 0922145F1A253F86002A614A /* Project object */;
}
