// !$*UTF8*$!
{
	archiveVersion = 1;
	classes = {
	};
	objectVersion = 46;
	objects = {

/* Begin PBXBuildFile section */
		0922146D1A253F86002A614A /* main.m in Sources */ = {isa = PBXBuildFile; fileRef = 0922146C1A253F86002A614A /* main.m */; };
		092214761A253F86002A614A /* Main.storyboard in Resources */ = {isa = PBXBuildFile; fileRef = 092214741A253F86002A614A /* Main.storyboard */; };
		092214781A253F86002A614A /* Images.xcassets in Resources */ = {isa = PBXBuildFile; fileRef = 092214771A253F86002A614A /* Images.xcassets */; };
		0922147B1A253F86002A614A /* LaunchScreen.xib in Resources */ = {isa = PBXBuildFile; fileRef = 092214791A253F86002A614A /* LaunchScreen.xib */; };
		092214AC1A25401C002A614A /* COOLAppDelegate.m in Sources */ = {isa = PBXBuildFile; fileRef = 092214931A25401C002A614A /* COOLAppDelegate.m */; };
		092214BA1A25411E002A614A /* COOLWeatherAPIImpl.m in Sources */ = {isa = PBXBuildFile; fileRef = 092214B91A25411E002A614A /* COOLWeatherAPIImpl.m */; };
		092214C41A2541F5002A614A /* COOLSearchAPIResponse.m in Sources */ = {isa = PBXBuildFile; fileRef = 092214C31A2541F5002A614A /* COOLSearchAPIResponse.m */; };
		092214C71A254215002A614A /* COOLTodayForecastAPIResponse.m in Sources */ = {isa = PBXBuildFile; fileRef = 092214C61A254215002A614A /* COOLTodayForecastAPIResponse.m */; };
		092214CF1A2543CC002A614A /* COOLSearchAPIRequest.m in Sources */ = {isa = PBXBuildFile; fileRef = 092214CE1A2543CC002A614A /* COOLSearchAPIRequest.m */; };
		092214D21A2543DF002A614A /* COOLDailyForecastAPIRequest.m in Sources */ = {isa = PBXBuildFile; fileRef = 092214D11A2543DF002A614A /* COOLDailyForecastAPIRequest.m */; };
		092214D51A254471002A614A /* COOLWeatherAPIRequestSerializer.m in Sources */ = {isa = PBXBuildFile; fileRef = 092214D41A254471002A614A /* COOLWeatherAPIRequestSerializer.m */; };
		092214E21A254B41002A614A /* COOLTodayForecastAPIRequest.m in Sources */ = {isa = PBXBuildFile; fileRef = 092214E11A254B41002A614A /* COOLTodayForecastAPIRequest.m */; };
		092214E41A255166002A614A /* ModelsMappingTests.m in Sources */ = {isa = PBXBuildFile; fileRef = 092214E31A255166002A614A /* ModelsMappingTests.m */; };
		092214E71A255302002A614A /* forecast.json in Resources */ = {isa = PBXBuildFile; fileRef = 092214E51A255302002A614A /* forecast.json */; };
		092214E81A255302002A614A /* todayforecast.json in Resources */ = {isa = PBXBuildFile; fileRef = 092214E61A255302002A614A /* todayforecast.json */; };
		092214F41A25E0E3002A614A /* Forecast.m in Sources */ = {isa = PBXBuildFile; fileRef = 092214EA1A25E0E3002A614A /* Forecast.m */; };
		092214F51A25E0E3002A614A /* Hourly.m in Sources */ = {isa = PBXBuildFile; fileRef = 092214ED1A25E0E3002A614A /* Hourly.m */; };
		092214F61A25E0E3002A614A /* Request.m in Sources */ = {isa = PBXBuildFile; fileRef = 092214EF1A25E0E3002A614A /* Request.m */; };
		092214F71A25E0E3002A614A /* Weather.m in Sources */ = {isa = PBXBuildFile; fileRef = 092214F11A25E0E3002A614A /* Weather.m */; };
		092214F81A25E0E3002A614A /* WeatherDesc.m in Sources */ = {isa = PBXBuildFile; fileRef = 092214F31A25E0E3002A614A /* WeatherDesc.m */; };
		092214FB1A25E69D002A614A /* COOLDailyForecastAPIResponse.m in Sources */ = {isa = PBXBuildFile; fileRef = 092214FA1A25E69D002A614A /* COOLDailyForecastAPIResponse.m */; };
		092215001A25E80A002A614A /* NetworkComponents.m in Sources */ = {isa = PBXBuildFile; fileRef = 092214FF1A25E80A002A614A /* NetworkComponents.m */; };
		092215041A25E96D002A614A /* EKObjectMapping+Transfromers.m in Sources */ = {isa = PBXBuildFile; fileRef = 092215031A25E96D002A614A /* EKObjectMapping+Transfromers.m */; };
		092215251A25EFBC002A614A /* AreaName.m in Sources */ = {isa = PBXBuildFile; fileRef = 0922151E1A25EFBC002A614A /* AreaName.m */; };
		092215261A25EFBC002A614A /* Location.m in Sources */ = {isa = PBXBuildFile; fileRef = 092215201A25EFBC002A614A /* Location.m */; };
		092215271A25EFBC002A614A /* Country.m in Sources */ = {isa = PBXBuildFile; fileRef = 092215221A25EFBC002A614A /* Country.m */; };
		092215281A25EFBC002A614A /* Region.m in Sources */ = {isa = PBXBuildFile; fileRef = 092215241A25EFBC002A614A /* Region.m */; };
		092215311A25F6BF002A614A /* COOLForecastDataSourceImpl.m in Sources */ = {isa = PBXBuildFile; fileRef = 092215301A25F6BF002A614A /* COOLForecastDataSourceImpl.m */; };
		092215341A25F6DC002A614A /* COOLLocationsDataSourceImpl.m in Sources */ = {isa = PBXBuildFile; fileRef = 092215331A25F6DC002A614A /* COOLLocationsDataSourceImpl.m */; };
		093876D21A26250300ADF480 /* COOLTodayViewController.m in Sources */ = {isa = PBXBuildFile; fileRef = 093876D11A26250300ADF480 /* COOLTodayViewController.m */; };
		093876D51A26251900ADF480 /* COOLSettingsViewController.m in Sources */ = {isa = PBXBuildFile; fileRef = 093876D41A26251900ADF480 /* COOLSettingsViewController.m */; };
		093876D81A26252E00ADF480 /* COOLDailyForecastViewController.m in Sources */ = {isa = PBXBuildFile; fileRef = 093876D71A26252E00ADF480 /* COOLDailyForecastViewController.m */; };
		093876DB1A26256300ADF480 /* COOLLocationsViewController.m in Sources */ = {isa = PBXBuildFile; fileRef = 093876DA1A26256300ADF480 /* COOLLocationsViewController.m */; };
		093876E11A26258900ADF480 /* UIViewController+SegueUserInfo.m in Sources */ = {isa = PBXBuildFile; fileRef = 093876DE1A26258900ADF480 /* UIViewController+SegueUserInfo.m */; };
		093876E21A26258900ADF480 /* UIViewController+Typhoon.m in Sources */ = {isa = PBXBuildFile; fileRef = 093876E01A26258900ADF480 /* UIViewController+Typhoon.m */; };
		093876E51A26272700ADF480 /* ApplicationComponents.m in Sources */ = {isa = PBXBuildFile; fileRef = 093876E41A26272700ADF480 /* ApplicationComponents.m */; };
		093876EA1A262E6E00ADF480 /* COOLStoryboardIdentifiers.m in Sources */ = {isa = PBXBuildFile; fileRef = 093876E91A262E6E00ADF480 /* COOLStoryboardIdentifiers.m */; };
		093876EF1A263A5A00ADF480 /* COOLForecastComposedDataSourceImpl.m in Sources */ = {isa = PBXBuildFile; fileRef = 093876EE1A263A5A00ADF480 /* COOLForecastComposedDataSourceImpl.m */; };
		093876F41A26444C00ADF480 /* COOLDailyForecastTableViewDataSource.m in Sources */ = {isa = PBXBuildFile; fileRef = 093876F31A26444C00ADF480 /* COOLDailyForecastTableViewDataSource.m */; };
		093876F71A26445D00ADF480 /* COOLLocationsTableViewDataSource.m in Sources */ = {isa = PBXBuildFile; fileRef = 093876F61A26445D00ADF480 /* COOLLocationsTableViewDataSource.m */; };
		093876FA1A26446D00ADF480 /* COOLLocationsSearchResultsTableViewDataSource.m in Sources */ = {isa = PBXBuildFile; fileRef = 093876F91A26446D00ADF480 /* COOLLocationsSearchResultsTableViewDataSource.m */; };
		093876FD1A26459D00ADF480 /* COOLUserLocationsUserDefaultsImpl.m in Sources */ = {isa = PBXBuildFile; fileRef = 093876FC1A26459D00ADF480 /* COOLUserLocationsUserDefaultsImpl.m */; };
		09DA49FD1A27C15800BCDB37 /* ForecastForLocation.m in Sources */ = {isa = PBXBuildFile; fileRef = 09DA49FC1A27C15800BCDB37 /* ForecastForLocation.m */; };
		09DA4A011A27CEBF00BCDB37 /* COOLLocationSearchCellModel.m in Sources */ = {isa = PBXBuildFile; fileRef = 09DA4A001A27CEBF00BCDB37 /* COOLLocationSearchCellModel.m */; };
		09E894651A269B5200D7B95B /* COOLTodayView.m in Sources */ = {isa = PBXBuildFile; fileRef = 09E894641A269B5200D7B95B /* COOLTodayView.m */; };
		09E894681A269D2D00D7B95B /* COOLTableViewModel.m in Sources */ = {isa = PBXBuildFile; fileRef = 09E894671A269D2D00D7B95B /* COOLTableViewModel.m */; };
		09E8946E1A26A65700D7B95B /* ProximaNova-Bold.otf in Resources */ = {isa = PBXBuildFile; fileRef = 09E8946A1A26A65700D7B95B /* ProximaNova-Bold.otf */; };
		09E8946F1A26A65700D7B95B /* ProximaNova-Light.otf in Resources */ = {isa = PBXBuildFile; fileRef = 09E8946B1A26A65700D7B95B /* ProximaNova-Light.otf */; };
		09E894701A26A65700D7B95B /* ProximaNova-Regular.otf in Resources */ = {isa = PBXBuildFile; fileRef = 09E8946C1A26A65700D7B95B /* ProximaNova-Regular.otf */; };
		09E894711A26A65700D7B95B /* ProximaNova-Semibold.otf in Resources */ = {isa = PBXBuildFile; fileRef = 09E8946D1A26A65700D7B95B /* ProximaNova-Semibold.otf */; };
		09E894761A26AABB00D7B95B /* TimeZone.m in Sources */ = {isa = PBXBuildFile; fileRef = 09E894751A26AABB00D7B95B /* TimeZone.m */; };
		09ED70201A2764DF00BE573A /* COOLForecastTableViewCell.m in Sources */ = {isa = PBXBuildFile; fileRef = 09ED701F1A2764DF00BE573A /* COOLForecastTableViewCell.m */; };
		09ED70231A276F1000BE573A /* COOLForecastTableViewCellModel.m in Sources */ = {isa = PBXBuildFile; fileRef = 09ED70221A276F1000BE573A /* COOLForecastTableViewCellModel.m */; };
		09ED70251A277EC100BE573A /* COOLForecastTableViewCell.xib in Resources */ = {isa = PBXBuildFile; fileRef = 09ED70241A277EC100BE573A /* COOLForecastTableViewCell.xib */; };
		5F2E8026CF92388742E15B90 /* libPods.a in Frameworks */ = {isa = PBXBuildFile; fileRef = 6E6FA99A54B363D495378D33 /* libPods.a */; };
		B72236D1D1643D1FD7D36065 /* libPods-Weather.a in Frameworks */ = {isa = PBXBuildFile; fileRef = A2B0B32FE5B0B6EB82894486 /* libPods-Weather.a */; };
/* End PBXBuildFile section */

/* Begin PBXContainerItemProxy section */
		092214811A253F86002A614A /* PBXContainerItemProxy */ = {
			isa = PBXContainerItemProxy;
			containerPortal = 0922145F1A253F86002A614A /* Project object */;
			proxyType = 1;
			remoteGlobalIDString = 092214661A253F86002A614A;
			remoteInfo = Weather;
		};
/* End PBXContainerItemProxy section */

/* Begin PBXFileReference section */
		092214671A253F86002A614A /* Weather.app */ = {isa = PBXFileReference; explicitFileType = wrapper.application; includeInIndex = 0; path = Weather.app; sourceTree = BUILT_PRODUCTS_DIR; };
		0922146B1A253F86002A614A /* Info.plist */ = {isa = PBXFileReference; lastKnownFileType = text.plist.xml; path = Info.plist; sourceTree = "<group>"; };
		0922146C1A253F86002A614A /* main.m */ = {isa = PBXFileReference; lastKnownFileType = sourcecode.c.objc; path = main.m; sourceTree = "<group>"; };
		092214751A253F86002A614A /* Base */ = {isa = PBXFileReference; lastKnownFileType = file.storyboard; name = Base; path = Base.lproj/Main.storyboard; sourceTree = "<group>"; };
		092214771A253F86002A614A /* Images.xcassets */ = {isa = PBXFileReference; lastKnownFileType = folder.assetcatalog; path = Images.xcassets; sourceTree = "<group>"; };
		0922147A1A253F86002A614A /* Base */ = {isa = PBXFileReference; lastKnownFileType = file.xib; name = Base; path = Base.lproj/LaunchScreen.xib; sourceTree = "<group>"; };
		092214801A253F86002A614A /* WeatherTests.xctest */ = {isa = PBXFileReference; explicitFileType = wrapper.cfbundle; includeInIndex = 0; path = WeatherTests.xctest; sourceTree = BUILT_PRODUCTS_DIR; };
		092214851A253F86002A614A /* Info.plist */ = {isa = PBXFileReference; lastKnownFileType = text.plist.xml; path = Info.plist; sourceTree = "<group>"; };
		092214921A25401C002A614A /* COOLAppDelegate.h */ = {isa = PBXFileReference; fileEncoding = 4; lastKnownFileType = sourcecode.c.h; path = COOLAppDelegate.h; sourceTree = "<group>"; };
		092214931A25401C002A614A /* COOLAppDelegate.m */ = {isa = PBXFileReference; fileEncoding = 4; lastKnownFileType = sourcecode.c.objc; path = COOLAppDelegate.m; sourceTree = "<group>"; };
		092214B81A25411E002A614A /* COOLWeatherAPIImpl.h */ = {isa = PBXFileReference; fileEncoding = 4; lastKnownFileType = sourcecode.c.h; path = COOLWeatherAPIImpl.h; sourceTree = "<group>"; };
		092214B91A25411E002A614A /* COOLWeatherAPIImpl.m */ = {isa = PBXFileReference; fileEncoding = 4; lastKnownFileType = sourcecode.c.objc; path = COOLWeatherAPIImpl.m; sourceTree = "<group>"; };
		092214C11A25412A002A614A /* COOLWeatherAPI.h */ = {isa = PBXFileReference; fileEncoding = 4; lastKnownFileType = sourcecode.c.h; path = COOLWeatherAPI.h; sourceTree = "<group>"; };
		092214C21A2541F5002A614A /* COOLSearchAPIResponse.h */ = {isa = PBXFileReference; fileEncoding = 4; lastKnownFileType = sourcecode.c.h; path = COOLSearchAPIResponse.h; sourceTree = "<group>"; };
		092214C31A2541F5002A614A /* COOLSearchAPIResponse.m */ = {isa = PBXFileReference; fileEncoding = 4; lastKnownFileType = sourcecode.c.objc; path = COOLSearchAPIResponse.m; sourceTree = "<group>"; };
		092214C51A254215002A614A /* COOLTodayForecastAPIResponse.h */ = {isa = PBXFileReference; fileEncoding = 4; lastKnownFileType = sourcecode.c.h; path = COOLTodayForecastAPIResponse.h; sourceTree = "<group>"; };
		092214C61A254215002A614A /* COOLTodayForecastAPIResponse.m */ = {isa = PBXFileReference; fileEncoding = 4; lastKnownFileType = sourcecode.c.objc; path = COOLTodayForecastAPIResponse.m; sourceTree = "<group>"; };
		092214CD1A2543CC002A614A /* COOLSearchAPIRequest.h */ = {isa = PBXFileReference; fileEncoding = 4; lastKnownFileType = sourcecode.c.h; path = COOLSearchAPIRequest.h; sourceTree = "<group>"; };
		092214CE1A2543CC002A614A /* COOLSearchAPIRequest.m */ = {isa = PBXFileReference; fileEncoding = 4; lastKnownFileType = sourcecode.c.objc; path = COOLSearchAPIRequest.m; sourceTree = "<group>"; };
		092214D01A2543DF002A614A /* COOLDailyForecastAPIRequest.h */ = {isa = PBXFileReference; fileEncoding = 4; lastKnownFileType = sourcecode.c.h; path = COOLDailyForecastAPIRequest.h; sourceTree = "<group>"; };
		092214D11A2543DF002A614A /* COOLDailyForecastAPIRequest.m */ = {isa = PBXFileReference; fileEncoding = 4; lastKnownFileType = sourcecode.c.objc; path = COOLDailyForecastAPIRequest.m; sourceTree = "<group>"; };
		092214D31A254471002A614A /* COOLWeatherAPIRequestSerializer.h */ = {isa = PBXFileReference; fileEncoding = 4; lastKnownFileType = sourcecode.c.h; path = COOLWeatherAPIRequestSerializer.h; sourceTree = "<group>"; };
		092214D41A254471002A614A /* COOLWeatherAPIRequestSerializer.m */ = {isa = PBXFileReference; fileEncoding = 4; lastKnownFileType = sourcecode.c.objc; path = COOLWeatherAPIRequestSerializer.m; sourceTree = "<group>"; };
		092214D61A2545AD002A614A /* COOLWeatherAPIRequests.h */ = {isa = PBXFileReference; fileEncoding = 4; lastKnownFileType = sourcecode.c.h; path = COOLWeatherAPIRequests.h; sourceTree = "<group>"; };
		092214D71A2545BB002A614A /* COOLWeatherAPIResponses.h */ = {isa = PBXFileReference; fileEncoding = 4; lastKnownFileType = sourcecode.c.h; path = COOLWeatherAPIResponses.h; sourceTree = "<group>"; };
		092214D81A2547BE002A614A /* COOLMapping.h */ = {isa = PBXFileReference; fileEncoding = 4; lastKnownFileType = sourcecode.c.h; path = COOLMapping.h; sourceTree = "<group>"; };
		092214E01A254B41002A614A /* COOLTodayForecastAPIRequest.h */ = {isa = PBXFileReference; fileEncoding = 4; lastKnownFileType = sourcecode.c.h; path = COOLTodayForecastAPIRequest.h; sourceTree = "<group>"; };
		092214E11A254B41002A614A /* COOLTodayForecastAPIRequest.m */ = {isa = PBXFileReference; fileEncoding = 4; lastKnownFileType = sourcecode.c.objc; path = COOLTodayForecastAPIRequest.m; sourceTree = "<group>"; };
		092214E31A255166002A614A /* ModelsMappingTests.m */ = {isa = PBXFileReference; fileEncoding = 4; lastKnownFileType = sourcecode.c.objc; path = ModelsMappingTests.m; sourceTree = "<group>"; };
		092214E51A255302002A614A /* forecast.json */ = {isa = PBXFileReference; fileEncoding = 4; lastKnownFileType = text.json; path = forecast.json; sourceTree = "<group>"; };
		092214E61A255302002A614A /* todayforecast.json */ = {isa = PBXFileReference; fileEncoding = 4; lastKnownFileType = text.json; path = todayforecast.json; sourceTree = "<group>"; };
		092214E91A25E0E3002A614A /* Forecast.h */ = {isa = PBXFileReference; fileEncoding = 4; lastKnownFileType = sourcecode.c.h; path = Forecast.h; sourceTree = "<group>"; };
		092214EA1A25E0E3002A614A /* Forecast.m */ = {isa = PBXFileReference; fileEncoding = 4; lastKnownFileType = sourcecode.c.objc; path = Forecast.m; sourceTree = "<group>"; };
		092214EB1A25E0E3002A614A /* DataModels.h */ = {isa = PBXFileReference; fileEncoding = 4; lastKnownFileType = sourcecode.c.h; path = DataModels.h; sourceTree = "<group>"; };
		092214EC1A25E0E3002A614A /* Hourly.h */ = {isa = PBXFileReference; fileEncoding = 4; lastKnownFileType = sourcecode.c.h; path = Hourly.h; sourceTree = "<group>"; };
		092214ED1A25E0E3002A614A /* Hourly.m */ = {isa = PBXFileReference; fileEncoding = 4; lastKnownFileType = sourcecode.c.objc; path = Hourly.m; sourceTree = "<group>"; };
		092214EE1A25E0E3002A614A /* Request.h */ = {isa = PBXFileReference; fileEncoding = 4; lastKnownFileType = sourcecode.c.h; path = Request.h; sourceTree = "<group>"; };
		092214EF1A25E0E3002A614A /* Request.m */ = {isa = PBXFileReference; fileEncoding = 4; lastKnownFileType = sourcecode.c.objc; path = Request.m; sourceTree = "<group>"; };
		092214F01A25E0E3002A614A /* Weather.h */ = {isa = PBXFileReference; fileEncoding = 4; lastKnownFileType = sourcecode.c.h; path = Weather.h; sourceTree = "<group>"; };
		092214F11A25E0E3002A614A /* Weather.m */ = {isa = PBXFileReference; fileEncoding = 4; lastKnownFileType = sourcecode.c.objc; path = Weather.m; sourceTree = "<group>"; };
		092214F21A25E0E3002A614A /* WeatherDesc.h */ = {isa = PBXFileReference; fileEncoding = 4; lastKnownFileType = sourcecode.c.h; path = WeatherDesc.h; sourceTree = "<group>"; };
		092214F31A25E0E3002A614A /* WeatherDesc.m */ = {isa = PBXFileReference; fileEncoding = 4; lastKnownFileType = sourcecode.c.objc; path = WeatherDesc.m; sourceTree = "<group>"; };
		092214F91A25E69D002A614A /* COOLDailyForecastAPIResponse.h */ = {isa = PBXFileReference; fileEncoding = 4; lastKnownFileType = sourcecode.c.h; path = COOLDailyForecastAPIResponse.h; sourceTree = "<group>"; };
		092214FA1A25E69D002A614A /* COOLDailyForecastAPIResponse.m */ = {isa = PBXFileReference; fileEncoding = 4; lastKnownFileType = sourcecode.c.objc; path = COOLDailyForecastAPIResponse.m; sourceTree = "<group>"; };
		092214FE1A25E80A002A614A /* NetworkComponents.h */ = {isa = PBXFileReference; fileEncoding = 4; lastKnownFileType = sourcecode.c.h; path = NetworkComponents.h; sourceTree = "<group>"; };
		092214FF1A25E80A002A614A /* NetworkComponents.m */ = {isa = PBXFileReference; fileEncoding = 4; lastKnownFileType = sourcecode.c.objc; path = NetworkComponents.m; sourceTree = "<group>"; };
		092215021A25E96D002A614A /* EKObjectMapping+Transfromers.h */ = {isa = PBXFileReference; fileEncoding = 4; lastKnownFileType = sourcecode.c.h; path = "EKObjectMapping+Transfromers.h"; sourceTree = "<group>"; };
		092215031A25E96D002A614A /* EKObjectMapping+Transfromers.m */ = {isa = PBXFileReference; fileEncoding = 4; lastKnownFileType = sourcecode.c.objc; path = "EKObjectMapping+Transfromers.m"; sourceTree = "<group>"; };
		0922151D1A25EFBC002A614A /* AreaName.h */ = {isa = PBXFileReference; fileEncoding = 4; lastKnownFileType = sourcecode.c.h; path = AreaName.h; sourceTree = "<group>"; };
		0922151E1A25EFBC002A614A /* AreaName.m */ = {isa = PBXFileReference; fileEncoding = 4; lastKnownFileType = sourcecode.c.objc; path = AreaName.m; sourceTree = "<group>"; };
		0922151F1A25EFBC002A614A /* Location.h */ = {isa = PBXFileReference; fileEncoding = 4; lastKnownFileType = sourcecode.c.h; path = Location.h; sourceTree = "<group>"; };
		092215201A25EFBC002A614A /* Location.m */ = {isa = PBXFileReference; fileEncoding = 4; lastKnownFileType = sourcecode.c.objc; path = Location.m; sourceTree = "<group>"; };
		092215211A25EFBC002A614A /* Country.h */ = {isa = PBXFileReference; fileEncoding = 4; lastKnownFileType = sourcecode.c.h; path = Country.h; sourceTree = "<group>"; };
		092215221A25EFBC002A614A /* Country.m */ = {isa = PBXFileReference; fileEncoding = 4; lastKnownFileType = sourcecode.c.objc; path = Country.m; sourceTree = "<group>"; };
		092215231A25EFBC002A614A /* Region.h */ = {isa = PBXFileReference; fileEncoding = 4; lastKnownFileType = sourcecode.c.h; path = Region.h; sourceTree = "<group>"; };
		092215241A25EFBC002A614A /* Region.m */ = {isa = PBXFileReference; fileEncoding = 4; lastKnownFileType = sourcecode.c.objc; path = Region.m; sourceTree = "<group>"; };
		0922152A1A25F589002A614A /* COOLLocationsDataSource.h */ = {isa = PBXFileReference; fileEncoding = 4; lastKnownFileType = sourcecode.c.h; path = COOLLocationsDataSource.h; sourceTree = "<group>"; };
		0922152B1A25F59C002A614A /* COOLForecastDataSource.h */ = {isa = PBXFileReference; fileEncoding = 4; lastKnownFileType = sourcecode.c.h; path = COOLForecastDataSource.h; sourceTree = "<group>"; };
		0922152F1A25F6BF002A614A /* COOLForecastDataSourceImpl.h */ = {isa = PBXFileReference; fileEncoding = 4; lastKnownFileType = sourcecode.c.h; path = COOLForecastDataSourceImpl.h; sourceTree = "<group>"; };
		092215301A25F6BF002A614A /* COOLForecastDataSourceImpl.m */ = {isa = PBXFileReference; fileEncoding = 4; lastKnownFileType = sourcecode.c.objc; path = COOLForecastDataSourceImpl.m; sourceTree = "<group>"; };
		092215321A25F6DC002A614A /* COOLLocationsDataSourceImpl.h */ = {isa = PBXFileReference; fileEncoding = 4; lastKnownFileType = sourcecode.c.h; path = COOLLocationsDataSourceImpl.h; sourceTree = "<group>"; };
		092215331A25F6DC002A614A /* COOLLocationsDataSourceImpl.m */ = {isa = PBXFileReference; fileEncoding = 4; lastKnownFileType = sourcecode.c.objc; path = COOLLocationsDataSourceImpl.m; sourceTree = "<group>"; };
		093876D01A26250300ADF480 /* COOLTodayViewController.h */ = {isa = PBXFileReference; fileEncoding = 4; lastKnownFileType = sourcecode.c.h; path = COOLTodayViewController.h; sourceTree = "<group>"; };
		093876D11A26250300ADF480 /* COOLTodayViewController.m */ = {isa = PBXFileReference; fileEncoding = 4; lastKnownFileType = sourcecode.c.objc; path = COOLTodayViewController.m; sourceTree = "<group>"; };
		093876D31A26251900ADF480 /* COOLSettingsViewController.h */ = {isa = PBXFileReference; fileEncoding = 4; lastKnownFileType = sourcecode.c.h; path = COOLSettingsViewController.h; sourceTree = "<group>"; };
		093876D41A26251900ADF480 /* COOLSettingsViewController.m */ = {isa = PBXFileReference; fileEncoding = 4; lastKnownFileType = sourcecode.c.objc; path = COOLSettingsViewController.m; sourceTree = "<group>"; };
		093876D61A26252E00ADF480 /* COOLDailyForecastViewController.h */ = {isa = PBXFileReference; fileEncoding = 4; lastKnownFileType = sourcecode.c.h; path = COOLDailyForecastViewController.h; sourceTree = "<group>"; };
		093876D71A26252E00ADF480 /* COOLDailyForecastViewController.m */ = {isa = PBXFileReference; fileEncoding = 4; lastKnownFileType = sourcecode.c.objc; path = COOLDailyForecastViewController.m; sourceTree = "<group>"; };
		093876D91A26256300ADF480 /* COOLLocationsViewController.h */ = {isa = PBXFileReference; fileEncoding = 4; lastKnownFileType = sourcecode.c.h; path = COOLLocationsViewController.h; sourceTree = "<group>"; };
		093876DA1A26256300ADF480 /* COOLLocationsViewController.m */ = {isa = PBXFileReference; fileEncoding = 4; lastKnownFileType = sourcecode.c.objc; path = COOLLocationsViewController.m; sourceTree = "<group>"; };
		093876DD1A26258900ADF480 /* UIViewController+SegueUserInfo.h */ = {isa = PBXFileReference; fileEncoding = 4; lastKnownFileType = sourcecode.c.h; path = "UIViewController+SegueUserInfo.h"; sourceTree = "<group>"; };
		093876DE1A26258900ADF480 /* UIViewController+SegueUserInfo.m */ = {isa = PBXFileReference; fileEncoding = 4; lastKnownFileType = sourcecode.c.objc; path = "UIViewController+SegueUserInfo.m"; sourceTree = "<group>"; };
		093876DF1A26258900ADF480 /* UIViewController+Typhoon.h */ = {isa = PBXFileReference; fileEncoding = 4; lastKnownFileType = sourcecode.c.h; path = "UIViewController+Typhoon.h"; sourceTree = "<group>"; };
		093876E01A26258900ADF480 /* UIViewController+Typhoon.m */ = {isa = PBXFileReference; fileEncoding = 4; lastKnownFileType = sourcecode.c.objc; path = "UIViewController+Typhoon.m"; sourceTree = "<group>"; };
		093876E31A26272700ADF480 /* ApplicationComponents.h */ = {isa = PBXFileReference; fileEncoding = 4; lastKnownFileType = sourcecode.c.h; path = ApplicationComponents.h; sourceTree = "<group>"; };
		093876E41A26272700ADF480 /* ApplicationComponents.m */ = {isa = PBXFileReference; fileEncoding = 4; lastKnownFileType = sourcecode.c.objc; path = ApplicationComponents.m; sourceTree = "<group>"; };
		093876E81A262E6E00ADF480 /* COOLStoryboardIdentifiers.h */ = {isa = PBXFileReference; fileEncoding = 4; lastKnownFileType = sourcecode.c.h; path = COOLStoryboardIdentifiers.h; sourceTree = "<group>"; };
		093876E91A262E6E00ADF480 /* COOLStoryboardIdentifiers.m */ = {isa = PBXFileReference; fileEncoding = 4; lastKnownFileType = sourcecode.c.objc; path = COOLStoryboardIdentifiers.m; sourceTree = "<group>"; };
		093876EB1A26331100ADF480 /* COOLLocationsViewInput.h */ = {isa = PBXFileReference; fileEncoding = 4; lastKnownFileType = sourcecode.c.h; path = COOLLocationsViewInput.h; sourceTree = "<group>"; };
		093876EC1A2638CE00ADF480 /* COOLForecastComposedDataSource.h */ = {isa = PBXFileReference; fileEncoding = 4; lastKnownFileType = sourcecode.c.h; path = COOLForecastComposedDataSource.h; sourceTree = "<group>"; };
		093876ED1A263A5A00ADF480 /* COOLForecastComposedDataSourceImpl.h */ = {isa = PBXFileReference; fileEncoding = 4; lastKnownFileType = sourcecode.c.h; path = COOLForecastComposedDataSourceImpl.h; sourceTree = "<group>"; };
		093876EE1A263A5A00ADF480 /* COOLForecastComposedDataSourceImpl.m */ = {isa = PBXFileReference; fileEncoding = 4; lastKnownFileType = sourcecode.c.objc; path = COOLForecastComposedDataSourceImpl.m; sourceTree = "<group>"; };
		093876F01A263D7600ADF480 /* COOLUserLocationsRepository.h */ = {isa = PBXFileReference; fileEncoding = 4; lastKnownFileType = sourcecode.c.h; path = COOLUserLocationsRepository.h; sourceTree = "<group>"; };
		093876F21A26444C00ADF480 /* COOLDailyForecastTableViewDataSource.h */ = {isa = PBXFileReference; fileEncoding = 4; lastKnownFileType = sourcecode.c.h; path = COOLDailyForecastTableViewDataSource.h; sourceTree = "<group>"; };
		093876F31A26444C00ADF480 /* COOLDailyForecastTableViewDataSource.m */ = {isa = PBXFileReference; fileEncoding = 4; lastKnownFileType = sourcecode.c.objc; path = COOLDailyForecastTableViewDataSource.m; sourceTree = "<group>"; };
		093876F51A26445D00ADF480 /* COOLLocationsTableViewDataSource.h */ = {isa = PBXFileReference; fileEncoding = 4; lastKnownFileType = sourcecode.c.h; path = COOLLocationsTableViewDataSource.h; sourceTree = "<group>"; };
		093876F61A26445D00ADF480 /* COOLLocationsTableViewDataSource.m */ = {isa = PBXFileReference; fileEncoding = 4; lastKnownFileType = sourcecode.c.objc; path = COOLLocationsTableViewDataSource.m; sourceTree = "<group>"; };
		093876F81A26446D00ADF480 /* COOLLocationsSearchResultsTableViewDataSource.h */ = {isa = PBXFileReference; fileEncoding = 4; lastKnownFileType = sourcecode.c.h; path = COOLLocationsSearchResultsTableViewDataSource.h; sourceTree = "<group>"; };
		093876F91A26446D00ADF480 /* COOLLocationsSearchResultsTableViewDataSource.m */ = {isa = PBXFileReference; fileEncoding = 4; lastKnownFileType = sourcecode.c.objc; path = COOLLocationsSearchResultsTableViewDataSource.m; sourceTree = "<group>"; };
		093876FB1A26459D00ADF480 /* COOLUserLocationsUserDefaultsImpl.h */ = {isa = PBXFileReference; fileEncoding = 4; lastKnownFileType = sourcecode.c.h; path = COOLUserLocationsUserDefaultsImpl.h; sourceTree = "<group>"; };
		093876FC1A26459D00ADF480 /* COOLUserLocationsUserDefaultsImpl.m */ = {isa = PBXFileReference; fileEncoding = 4; lastKnownFileType = sourcecode.c.objc; path = COOLUserLocationsUserDefaultsImpl.m; sourceTree = "<group>"; };
		093876FE1A26485000ADF480 /* COOLLocationsSelection.h */ = {isa = PBXFileReference; fileEncoding = 4; lastKnownFileType = sourcecode.c.h; path = COOLLocationsSelection.h; sourceTree = "<group>"; };
		09A473891A2663A5000A1B2D /* COOLTableViewDataSource.h */ = {isa = PBXFileReference; fileEncoding = 4; lastKnownFileType = sourcecode.c.h; path = COOLTableViewDataSource.h; sourceTree = "<group>"; };
		09DA49FB1A27C15800BCDB37 /* ForecastForLocation.h */ = {isa = PBXFileReference; fileEncoding = 4; lastKnownFileType = sourcecode.c.h; path = ForecastForLocation.h; sourceTree = "<group>"; };
		09DA49FC1A27C15800BCDB37 /* ForecastForLocation.m */ = {isa = PBXFileReference; fileEncoding = 4; lastKnownFileType = sourcecode.c.objc; path = ForecastForLocation.m; sourceTree = "<group>"; };
		09DA49FE1A27C54200BCDB37 /* COOLNotifications.h */ = {isa = PBXFileReference; fileEncoding = 4; lastKnownFileType = sourcecode.c.h; path = COOLNotifications.h; sourceTree = "<group>"; };
		09DA49FF1A27CEBF00BCDB37 /* COOLLocationSearchCellModel.h */ = {isa = PBXFileReference; fileEncoding = 4; lastKnownFileType = sourcecode.c.h; path = COOLLocationSearchCellModel.h; sourceTree = "<group>"; };
		09DA4A001A27CEBF00BCDB37 /* COOLLocationSearchCellModel.m */ = {isa = PBXFileReference; fileEncoding = 4; lastKnownFileType = sourcecode.c.objc; path = COOLLocationSearchCellModel.m; sourceTree = "<group>"; };
		09DA4A021A27D14100BCDB37 /* COOLForecastTableViewCellPresentation.h */ = {isa = PBXFileReference; fileEncoding = 4; lastKnownFileType = sourcecode.c.h; path = COOLForecastTableViewCellPresentation.h; sourceTree = "<group>"; };
		09DA4A031A27D22000BCDB37 /* COOLTodayViewPresentation.h */ = {isa = PBXFileReference; fileEncoding = 4; lastKnownFileType = sourcecode.c.h; path = COOLTodayViewPresentation.h; sourceTree = "<group>"; };
		09DA4A041A27D36400BCDB37 /* COOLocationSearchCellPresentation.h */ = {isa = PBXFileReference; fileEncoding = 4; lastKnownFileType = sourcecode.c.h; path = COOLocationSearchCellPresentation.h; sourceTree = "<group>"; };
		09E894631A269B5200D7B95B /* COOLTodayView.h */ = {isa = PBXFileReference; fileEncoding = 4; lastKnownFileType = sourcecode.c.h; path = COOLTodayView.h; sourceTree = "<group>"; };
		09E894641A269B5200D7B95B /* COOLTodayView.m */ = {isa = PBXFileReference; fileEncoding = 4; lastKnownFileType = sourcecode.c.objc; path = COOLTodayView.m; sourceTree = "<group>"; };
		09E894661A269D2D00D7B95B /* COOLTableViewModel.h */ = {isa = PBXFileReference; fileEncoding = 4; lastKnownFileType = sourcecode.c.h; path = COOLTableViewModel.h; sourceTree = "<group>"; };
		09E894671A269D2D00D7B95B /* COOLTableViewModel.m */ = {isa = PBXFileReference; fileEncoding = 4; lastKnownFileType = sourcecode.c.objc; path = COOLTableViewModel.m; sourceTree = "<group>"; };
		09E8946A1A26A65700D7B95B /* ProximaNova-Bold.otf */ = {isa = PBXFileReference; lastKnownFileType = file; path = "ProximaNova-Bold.otf"; sourceTree = "<group>"; };
		09E8946B1A26A65700D7B95B /* ProximaNova-Light.otf */ = {isa = PBXFileReference; lastKnownFileType = file; path = "ProximaNova-Light.otf"; sourceTree = "<group>"; };
		09E8946C1A26A65700D7B95B /* ProximaNova-Regular.otf */ = {isa = PBXFileReference; lastKnownFileType = file; path = "ProximaNova-Regular.otf"; sourceTree = "<group>"; };
		09E8946D1A26A65700D7B95B /* ProximaNova-Semibold.otf */ = {isa = PBXFileReference; lastKnownFileType = file; path = "ProximaNova-Semibold.otf"; sourceTree = "<group>"; };
		09E894741A26AABB00D7B95B /* TimeZone.h */ = {isa = PBXFileReference; fileEncoding = 4; lastKnownFileType = sourcecode.c.h; path = TimeZone.h; sourceTree = "<group>"; };
		09E894751A26AABB00D7B95B /* TimeZone.m */ = {isa = PBXFileReference; fileEncoding = 4; lastKnownFileType = sourcecode.c.objc; path = TimeZone.m; sourceTree = "<group>"; };
		09ED701E1A2764DF00BE573A /* COOLForecastTableViewCell.h */ = {isa = PBXFileReference; fileEncoding = 4; lastKnownFileType = sourcecode.c.h; path = COOLForecastTableViewCell.h; sourceTree = "<group>"; };
		09ED701F1A2764DF00BE573A /* COOLForecastTableViewCell.m */ = {isa = PBXFileReference; fileEncoding = 4; lastKnownFileType = sourcecode.c.objc; path = COOLForecastTableViewCell.m; sourceTree = "<group>"; };
		09ED70211A276F1000BE573A /* COOLForecastTableViewCellModel.h */ = {isa = PBXFileReference; fileEncoding = 4; lastKnownFileType = sourcecode.c.h; path = COOLForecastTableViewCellModel.h; sourceTree = "<group>"; };
		09ED70221A276F1000BE573A /* COOLForecastTableViewCellModel.m */ = {isa = PBXFileReference; fileEncoding = 4; lastKnownFileType = sourcecode.c.objc; path = COOLForecastTableViewCellModel.m; sourceTree = "<group>"; };
		09ED70241A277EC100BE573A /* COOLForecastTableViewCell.xib */ = {isa = PBXFileReference; fileEncoding = 4; lastKnownFileType = file.xib; path = COOLForecastTableViewCell.xib; sourceTree = "<group>"; };
		148FA9D5671E73E74C2D367E /* Pods-Weather.debug.xcconfig */ = {isa = PBXFileReference; includeInIndex = 1; lastKnownFileType = text.xcconfig; name = "Pods-Weather.debug.xcconfig"; path = "Pods/Target Support Files/Pods-Weather/Pods-Weather.debug.xcconfig"; sourceTree = "<group>"; };
		6E6FA99A54B363D495378D33 /* libPods.a */ = {isa = PBXFileReference; explicitFileType = archive.ar; includeInIndex = 0; path = libPods.a; sourceTree = BUILT_PRODUCTS_DIR; };
		A2B0B32FE5B0B6EB82894486 /* libPods-Weather.a */ = {isa = PBXFileReference; explicitFileType = archive.ar; includeInIndex = 0; path = "libPods-Weather.a"; sourceTree = BUILT_PRODUCTS_DIR; };
		B67095F67E9E36EADA9C8C28 /* Pods-Weather.release.xcconfig */ = {isa = PBXFileReference; includeInIndex = 1; lastKnownFileType = text.xcconfig; name = "Pods-Weather.release.xcconfig"; path = "Pods/Target Support Files/Pods-Weather/Pods-Weather.release.xcconfig"; sourceTree = "<group>"; };
/* End PBXFileReference section */

/* Begin PBXFrameworksBuildPhase section */
		092214641A253F86002A614A /* Frameworks */ = {
			isa = PBXFrameworksBuildPhase;
			buildActionMask = 2147483647;
			files = (
				B72236D1D1643D1FD7D36065 /* libPods-Weather.a in Frameworks */,
				5F2E8026CF92388742E15B90 /* libPods.a in Frameworks */,
			);
			runOnlyForDeploymentPostprocessing = 0;
		};
		0922147D1A253F86002A614A /* Frameworks */ = {
			isa = PBXFrameworksBuildPhase;
			buildActionMask = 2147483647;
			files = (
			);
			runOnlyForDeploymentPostprocessing = 0;
		};
/* End PBXFrameworksBuildPhase section */

/* Begin PBXGroup section */
		0922145E1A253F86002A614A = {
			isa = PBXGroup;
			children = (
				092214691A253F86002A614A /* Weather */,
				092214831A253F86002A614A /* WeatherTests */,
				092214681A253F86002A614A /* Products */,
				F774E8D3FB66A30B50023AD5 /* Pods */,
				686D8539725BBAE68D191E5D /* Frameworks */,
			);
			sourceTree = "<group>";
		};
		092214681A253F86002A614A /* Products */ = {
			isa = PBXGroup;
			children = (
				092214671A253F86002A614A /* Weather.app */,
				092214801A253F86002A614A /* WeatherTests.xctest */,
			);
			name = Products;
			sourceTree = "<group>";
		};
		092214691A253F86002A614A /* Weather */ = {
			isa = PBXGroup;
			children = (
				093876E71A262E6E00ADF480 /* Generated */,
				092214FD1A25E7F3002A614A /* Assemblies */,
				092214901A25401C002A614A /* Application */,
				092214941A25401C002A614A /* Categories */,
				092214961A25401C002A614A /* Controllers */,
				092214981A25401C002A614A /* Headers */,
				0922149A1A25401C002A614A /* Helpers */,
				0922149E1A25401C002A614A /* Models */,
				092214A41A25401C002A614A /* Protocols */,
				092214A71A25401C002A614A /* ViewModels */,
				092214A91A25401C002A614A /* Views */,
				09E894691A26A63B00D7B95B /* Resources */,
				092214741A253F86002A614A /* Main.storyboard */,
				092214771A253F86002A614A /* Images.xcassets */,
				092214791A253F86002A614A /* LaunchScreen.xib */,
				0922146A1A253F86002A614A /* Supporting Files */,
			);
			path = Weather;
			sourceTree = "<group>";
		};
		0922146A1A253F86002A614A /* Supporting Files */ = {
			isa = PBXGroup;
			children = (
				0922146B1A253F86002A614A /* Info.plist */,
				0922146C1A253F86002A614A /* main.m */,
			);
			path = "Supporting Files";
			sourceTree = "<group>";
		};
		092214831A253F86002A614A /* WeatherTests */ = {
			isa = PBXGroup;
			children = (
				092214E51A255302002A614A /* forecast.json */,
				092214E61A255302002A614A /* todayforecast.json */,
				092214E31A255166002A614A /* ModelsMappingTests.m */,
				092214841A253F86002A614A /* Supporting Files */,
			);
			path = WeatherTests;
			sourceTree = "<group>";
		};
		092214841A253F86002A614A /* Supporting Files */ = {
			isa = PBXGroup;
			children = (
				092214851A253F86002A614A /* Info.plist */,
			);
			path = "Supporting Files";
			sourceTree = "<group>";
		};
		092214901A25401C002A614A /* Application */ = {
			isa = PBXGroup;
			children = (
				092214921A25401C002A614A /* COOLAppDelegate.h */,
				092214931A25401C002A614A /* COOLAppDelegate.m */,
			);
			path = Application;
			sourceTree = "<group>";
		};
		092214941A25401C002A614A /* Categories */ = {
			isa = PBXGroup;
			children = (
				093876DC1A26258900ADF480 /* ViewController */,
				092215011A25E96D002A614A /* EKObjectMapping */,
			);
			path = Categories;
			sourceTree = "<group>";
		};
		092214961A25401C002A614A /* Controllers */ = {
			isa = PBXGroup;
			children = (
				093876D01A26250300ADF480 /* COOLTodayViewController.h */,
				093876D11A26250300ADF480 /* COOLTodayViewController.m */,
				093876D61A26252E00ADF480 /* COOLDailyForecastViewController.h */,
				093876D71A26252E00ADF480 /* COOLDailyForecastViewController.m */,
				093876D31A26251900ADF480 /* COOLSettingsViewController.h */,
				093876D41A26251900ADF480 /* COOLSettingsViewController.m */,
				093876D91A26256300ADF480 /* COOLLocationsViewController.h */,
				093876DA1A26256300ADF480 /* COOLLocationsViewController.m */,
			);
			path = Controllers;
			sourceTree = "<group>";
		};
		092214981A25401C002A614A /* Headers */ = {
			isa = PBXGroup;
			children = (
				09DA49FE1A27C54200BCDB37 /* COOLNotifications.h */,
			);
			path = Headers;
			sourceTree = "<group>";
		};
		0922149A1A25401C002A614A /* Helpers */ = {
			isa = PBXGroup;
			children = (
				093876F11A26442400ADF480 /* Table View Data Sources */,
				092215291A25F568002A614A /* Data Sources */,
				092214B71A25411E002A614A /* Networking */,
				093876FB1A26459D00ADF480 /* COOLUserLocationsUserDefaultsImpl.h */,
				093876FC1A26459D00ADF480 /* COOLUserLocationsUserDefaultsImpl.m */,
			);
			path = Helpers;
			sourceTree = "<group>";
		};
		0922149E1A25401C002A614A /* Models */ = {
			isa = PBXGroup;
			children = (
				092214EB1A25E0E3002A614A /* DataModels.h */,
				092215061A25EF05002A614A /* Search */,
				092215051A25EEF6002A614A /* Weather */,
			);
			path = Models;
			sourceTree = "<group>";
		};
		092214A41A25401C002A614A /* Protocols */ = {
			isa = PBXGroup;
			children = (
				092214C11A25412A002A614A /* COOLWeatherAPI.h */,
				092214D81A2547BE002A614A /* COOLMapping.h */,
				0922152A1A25F589002A614A /* COOLLocationsDataSource.h */,
				0922152B1A25F59C002A614A /* COOLForecastDataSource.h */,
				093876EB1A26331100ADF480 /* COOLLocationsViewInput.h */,
				093876EC1A2638CE00ADF480 /* COOLForecastComposedDataSource.h */,
				093876F01A263D7600ADF480 /* COOLUserLocationsRepository.h */,
				093876FE1A26485000ADF480 /* COOLLocationsSelection.h */,
				09A473891A2663A5000A1B2D /* COOLTableViewDataSource.h */,
				09DA4A021A27D14100BCDB37 /* COOLForecastTableViewCellPresentation.h */,
				09DA4A031A27D22000BCDB37 /* COOLTodayViewPresentation.h */,
				09DA4A041A27D36400BCDB37 /* COOLocationSearchCellPresentation.h */,
			);
			path = Protocols;
			sourceTree = "<group>";
		};
		092214A71A25401C002A614A /* ViewModels */ = {
			isa = PBXGroup;
			children = (
				09E894661A269D2D00D7B95B /* COOLTableViewModel.h */,
				09E894671A269D2D00D7B95B /* COOLTableViewModel.m */,
				09ED70211A276F1000BE573A /* COOLForecastTableViewCellModel.h */,
				09ED70221A276F1000BE573A /* COOLForecastTableViewCellModel.m */,
				09DA49FF1A27CEBF00BCDB37 /* COOLLocationSearchCellModel.h */,
				09DA4A001A27CEBF00BCDB37 /* COOLLocationSearchCellModel.m */,
			);
			path = ViewModels;
			sourceTree = "<group>";
		};
		092214A91A25401C002A614A /* Views */ = {
			isa = PBXGroup;
			children = (
				09E894631A269B5200D7B95B /* COOLTodayView.h */,
				09E894641A269B5200D7B95B /* COOLTodayView.m */,
				09ED701E1A2764DF00BE573A /* COOLForecastTableViewCell.h */,
				09ED701F1A2764DF00BE573A /* COOLForecastTableViewCell.m */,
				09ED70241A277EC100BE573A /* COOLForecastTableViewCell.xib */,
			);
			path = Views;
			sourceTree = "<group>";
		};
		092214B71A25411E002A614A /* Networking */ = {
			isa = PBXGroup;
			children = (
				092214B81A25411E002A614A /* COOLWeatherAPIImpl.h */,
				092214B91A25411E002A614A /* COOLWeatherAPIImpl.m */,
				092214D31A254471002A614A /* COOLWeatherAPIRequestSerializer.h */,
				092214D41A254471002A614A /* COOLWeatherAPIRequestSerializer.m */,
				092214CC1A254363002A614A /* Requests */,
				092214CB1A25435C002A614A /* Responses */,
			);
			path = Networking;
			sourceTree = "<group>";
		};
		092214CB1A25435C002A614A /* Responses */ = {
			isa = PBXGroup;
			children = (
				092214C21A2541F5002A614A /* COOLSearchAPIResponse.h */,
				092214C31A2541F5002A614A /* COOLSearchAPIResponse.m */,
				092214C51A254215002A614A /* COOLTodayForecastAPIResponse.h */,
				092214C61A254215002A614A /* COOLTodayForecastAPIResponse.m */,
				092214F91A25E69D002A614A /* COOLDailyForecastAPIResponse.h */,
				092214FA1A25E69D002A614A /* COOLDailyForecastAPIResponse.m */,
				092214D71A2545BB002A614A /* COOLWeatherAPIResponses.h */,
			);
			path = Responses;
			sourceTree = "<group>";
		};
		092214CC1A254363002A614A /* Requests */ = {
			isa = PBXGroup;
			children = (
				092214CD1A2543CC002A614A /* COOLSearchAPIRequest.h */,
				092214CE1A2543CC002A614A /* COOLSearchAPIRequest.m */,
				092214E01A254B41002A614A /* COOLTodayForecastAPIRequest.h */,
				092214E11A254B41002A614A /* COOLTodayForecastAPIRequest.m */,
				092214D01A2543DF002A614A /* COOLDailyForecastAPIRequest.h */,
				092214D11A2543DF002A614A /* COOLDailyForecastAPIRequest.m */,
				092214D61A2545AD002A614A /* COOLWeatherAPIRequests.h */,
			);
			path = Requests;
			sourceTree = "<group>";
		};
		092214FD1A25E7F3002A614A /* Assemblies */ = {
			isa = PBXGroup;
			children = (
				092214FE1A25E80A002A614A /* NetworkComponents.h */,
				092214FF1A25E80A002A614A /* NetworkComponents.m */,
				093876E31A26272700ADF480 /* ApplicationComponents.h */,
				093876E41A26272700ADF480 /* ApplicationComponents.m */,
			);
			path = Assemblies;
			sourceTree = "<group>";
		};
		092215011A25E96D002A614A /* EKObjectMapping */ = {
			isa = PBXGroup;
			children = (
				092215021A25E96D002A614A /* EKObjectMapping+Transfromers.h */,
				092215031A25E96D002A614A /* EKObjectMapping+Transfromers.m */,
			);
			path = EKObjectMapping;
			sourceTree = "<group>";
		};
		092215051A25EEF6002A614A /* Weather */ = {
			isa = PBXGroup;
			children = (
				092214E91A25E0E3002A614A /* Forecast.h */,
				092214EA1A25E0E3002A614A /* Forecast.m */,
				092214EC1A25E0E3002A614A /* Hourly.h */,
				092214ED1A25E0E3002A614A /* Hourly.m */,
				092214EE1A25E0E3002A614A /* Request.h */,
				092214EF1A25E0E3002A614A /* Request.m */,
				092214F01A25E0E3002A614A /* Weather.h */,
				092214F11A25E0E3002A614A /* Weather.m */,
				092214F21A25E0E3002A614A /* WeatherDesc.h */,
				092214F31A25E0E3002A614A /* WeatherDesc.m */,
				09E894741A26AABB00D7B95B /* TimeZone.h */,
				09E894751A26AABB00D7B95B /* TimeZone.m */,
				09DA49FB1A27C15800BCDB37 /* ForecastForLocation.h */,
				09DA49FC1A27C15800BCDB37 /* ForecastForLocation.m */,
			);
			path = Weather;
			sourceTree = "<group>";
		};
		092215061A25EF05002A614A /* Search */ = {
			isa = PBXGroup;
			children = (
				0922151D1A25EFBC002A614A /* AreaName.h */,
				0922151E1A25EFBC002A614A /* AreaName.m */,
				0922151F1A25EFBC002A614A /* Location.h */,
				092215201A25EFBC002A614A /* Location.m */,
				092215211A25EFBC002A614A /* Country.h */,
				092215221A25EFBC002A614A /* Country.m */,
				092215231A25EFBC002A614A /* Region.h */,
				092215241A25EFBC002A614A /* Region.m */,
			);
			path = Search;
			sourceTree = "<group>";
		};
		092215291A25F568002A614A /* Data Sources */ = {
			isa = PBXGroup;
			children = (
				0922152F1A25F6BF002A614A /* COOLForecastDataSourceImpl.h */,
				092215301A25F6BF002A614A /* COOLForecastDataSourceImpl.m */,
				092215321A25F6DC002A614A /* COOLLocationsDataSourceImpl.h */,
				092215331A25F6DC002A614A /* COOLLocationsDataSourceImpl.m */,
				093876ED1A263A5A00ADF480 /* COOLForecastComposedDataSourceImpl.h */,
				093876EE1A263A5A00ADF480 /* COOLForecastComposedDataSourceImpl.m */,
			);
			path = "Data Sources";
			sourceTree = "<group>";
		};
		093876DC1A26258900ADF480 /* ViewController */ = {
			isa = PBXGroup;
			children = (
				093876DD1A26258900ADF480 /* UIViewController+SegueUserInfo.h */,
				093876DE1A26258900ADF480 /* UIViewController+SegueUserInfo.m */,
				093876DF1A26258900ADF480 /* UIViewController+Typhoon.h */,
				093876E01A26258900ADF480 /* UIViewController+Typhoon.m */,
			);
			path = ViewController;
			sourceTree = "<group>";
		};
		093876E71A262E6E00ADF480 /* Generated */ = {
			isa = PBXGroup;
			children = (
				093876E81A262E6E00ADF480 /* COOLStoryboardIdentifiers.h */,
				093876E91A262E6E00ADF480 /* COOLStoryboardIdentifiers.m */,
			);
			path = Generated;
			sourceTree = "<group>";
		};
		093876F11A26442400ADF480 /* Table View Data Sources */ = {
			isa = PBXGroup;
			children = (
				093876F21A26444C00ADF480 /* COOLDailyForecastTableViewDataSource.h */,
				093876F31A26444C00ADF480 /* COOLDailyForecastTableViewDataSource.m */,
				093876F51A26445D00ADF480 /* COOLLocationsTableViewDataSource.h */,
				093876F61A26445D00ADF480 /* COOLLocationsTableViewDataSource.m */,
				093876F81A26446D00ADF480 /* COOLLocationsSearchResultsTableViewDataSource.h */,
				093876F91A26446D00ADF480 /* COOLLocationsSearchResultsTableViewDataSource.m */,
			);
			path = "Table View Data Sources";
			sourceTree = "<group>";
		};
		09E894691A26A63B00D7B95B /* Resources */ = {
			isa = PBXGroup;
			children = (
				09E8946A1A26A65700D7B95B /* ProximaNova-Bold.otf */,
				09E8946B1A26A65700D7B95B /* ProximaNova-Light.otf */,
				09E8946C1A26A65700D7B95B /* ProximaNova-Regular.otf */,
				09E8946D1A26A65700D7B95B /* ProximaNova-Semibold.otf */,
			);
			path = Resources;
			sourceTree = "<group>";
		};
		686D8539725BBAE68D191E5D /* Frameworks */ = {
			isa = PBXGroup;
			children = (
				A2B0B32FE5B0B6EB82894486 /* libPods-Weather.a */,
				6E6FA99A54B363D495378D33 /* libPods.a */,
			);
			name = Frameworks;
			sourceTree = "<group>";
		};
		F774E8D3FB66A30B50023AD5 /* Pods */ = {
			isa = PBXGroup;
			children = (
				148FA9D5671E73E74C2D367E /* Pods-Weather.debug.xcconfig */,
				B67095F67E9E36EADA9C8C28 /* Pods-Weather.release.xcconfig */,
			);
			name = Pods;
			sourceTree = "<group>";
		};
/* End PBXGroup section */

/* Begin PBXNativeTarget section */
		092214661A253F86002A614A /* Weather */ = {
			isa = PBXNativeTarget;
			buildConfigurationList = 0922148A1A253F86002A614A /* Build configuration list for PBXNativeTarget "Weather" */;
			buildPhases = (
				A58A9A0AAB2F64AADDA2635D /* Check Pods Manifest.lock */,
				092214631A253F86002A614A /* Sources */,
				092214641A253F86002A614A /* Frameworks */,
				092214651A253F86002A614A /* Resources */,
				99805E12A7ED51526391E568 /* Copy Pods Resources */,
				093876E61A262D7200ADF480 /* Storyboard segue identifiers */,
			);
			buildRules = (
			);
			dependencies = (
			);
			name = Weather;
			productName = Weather;
			productReference = 092214671A253F86002A614A /* Weather.app */;
			productType = "com.apple.product-type.application";
		};
		0922147F1A253F86002A614A /* WeatherTests */ = {
			isa = PBXNativeTarget;
			buildConfigurationList = 0922148D1A253F86002A614A /* Build configuration list for PBXNativeTarget "WeatherTests" */;
			buildPhases = (
				0922147C1A253F86002A614A /* Sources */,
				0922147D1A253F86002A614A /* Frameworks */,
				0922147E1A253F86002A614A /* Resources */,
			);
			buildRules = (
			);
			dependencies = (
				092214821A253F86002A614A /* PBXTargetDependency */,
			);
			name = WeatherTests;
			productName = WeatherTests;
			productReference = 092214801A253F86002A614A /* WeatherTests.xctest */;
			productType = "com.apple.product-type.bundle.unit-test";
		};
/* End PBXNativeTarget section */

/* Begin PBXProject section */
		0922145F1A253F86002A614A /* Project object */ = {
			isa = PBXProject;
			attributes = {
				LastUpgradeCheck = 0610;
				ORGANIZATIONNAME = "Ilya Puchka";
				TargetAttributes = {
					092214661A253F86002A614A = {
						CreatedOnToolsVersion = 6.1;
					};
					0922147F1A253F86002A614A = {
						CreatedOnToolsVersion = 6.1;
						TestTargetID = 092214661A253F86002A614A;
					};
				};
			};
			buildConfigurationList = 092214621A253F86002A614A /* Build configuration list for PBXProject "Weather" */;
			compatibilityVersion = "Xcode 3.2";
			developmentRegion = English;
			hasScannedForEncodings = 0;
			knownRegions = (
				en,
				Base,
			);
			mainGroup = 0922145E1A253F86002A614A;
			productRefGroup = 092214681A253F86002A614A /* Products */;
			projectDirPath = "";
			projectRoot = "";
			targets = (
				092214661A253F86002A614A /* Weather */,
				0922147F1A253F86002A614A /* WeatherTests */,
			);
		};
/* End PBXProject section */

/* Begin PBXResourcesBuildPhase section */
		092214651A253F86002A614A /* Resources */ = {
			isa = PBXResourcesBuildPhase;
			buildActionMask = 2147483647;
			files = (
				09E8946F1A26A65700D7B95B /* ProximaNova-Light.otf in Resources */,
				092214761A253F86002A614A /* Main.storyboard in Resources */,
				09E8946E1A26A65700D7B95B /* ProximaNova-Bold.otf in Resources */,
				0922147B1A253F86002A614A /* LaunchScreen.xib in Resources */,
				092214781A253F86002A614A /* Images.xcassets in Resources */,
				09ED70251A277EC100BE573A /* COOLForecastTableViewCell.xib in Resources */,
				09E894701A26A65700D7B95B /* ProximaNova-Regular.otf in Resources */,
				09E894711A26A65700D7B95B /* ProximaNova-Semibold.otf in Resources */,
			);
			runOnlyForDeploymentPostprocessing = 0;
		};
		0922147E1A253F86002A614A /* Resources */ = {
			isa = PBXResourcesBuildPhase;
			buildActionMask = 2147483647;
			files = (
				092214E81A255302002A614A /* todayforecast.json in Resources */,
				092214E71A255302002A614A /* forecast.json in Resources */,
			);
			runOnlyForDeploymentPostprocessing = 0;
		};
/* End PBXResourcesBuildPhase section */

/* Begin PBXShellScriptBuildPhase section */
		093876E61A262D7200ADF480 /* Storyboard segue identifiers */ = {
			isa = PBXShellScriptBuildPhase;
			buildActionMask = 2147483647;
			files = (
			);
			inputPaths = (
				"$(SRCROOT)/Weather/Base.lproj/Main.storyboard",
			);
			name = "Storyboard segue identifiers";
			outputPaths = (
				"$(PROJECT_DIR)/Weather/Generated/COOLStoryboardIdentifiers.h",
				"$(PROJECT_DIR)/Weather/Generated/COOLStoryboardIdentifiers.m",
			);
			runOnlyForDeploymentPostprocessing = 0;
			shellPath = /bin/sh;
			shellScript = "mkdir -p \"${PROJECT_DIR}/Weather/Generated\"\n\npython \"${PROJECT_DIR}/bin/generate_constants.py\" \"${SCRIPT_OUTPUT_FILE_0}\" \"${SCRIPT_OUTPUT_FILE_1}\"";
		};
		99805E12A7ED51526391E568 /* Copy Pods Resources */ = {
			isa = PBXShellScriptBuildPhase;
			buildActionMask = 2147483647;
			files = (
			);
			inputPaths = (
			);
			name = "Copy Pods Resources";
			outputPaths = (
			);
			runOnlyForDeploymentPostprocessing = 0;
			shellPath = /bin/sh;
			shellScript = "\"${SRCROOT}/Pods/Target Support Files/Pods/Pods-resources.sh\"\n";
			showEnvVarsInLog = 0;
		};
		A58A9A0AAB2F64AADDA2635D /* Check Pods Manifest.lock */ = {
			isa = PBXShellScriptBuildPhase;
			buildActionMask = 2147483647;
			files = (
			);
			inputPaths = (
			);
			name = "Check Pods Manifest.lock";
			outputPaths = (
			);
			runOnlyForDeploymentPostprocessing = 0;
			shellPath = /bin/sh;
			shellScript = "diff \"${PODS_ROOT}/../Podfile.lock\" \"${PODS_ROOT}/Manifest.lock\" > /dev/null\nif [[ $? != 0 ]] ; then\n    cat << EOM\nerror: The sandbox is not in sync with the Podfile.lock. Run 'pod install' or update your CocoaPods installation.\nEOM\n    exit 1\nfi\n";
			showEnvVarsInLog = 0;
		};
/* End PBXShellScriptBuildPhase section */

/* Begin PBXSourcesBuildPhase section */
		092214631A253F86002A614A /* Sources */ = {
			isa = PBXSourcesBuildPhase;
			buildActionMask = 2147483647;
			files = (
				092214F71A25E0E3002A614A /* Weather.m in Sources */,
				092214FB1A25E69D002A614A /* COOLDailyForecastAPIResponse.m in Sources */,
				093876EA1A262E6E00ADF480 /* COOLStoryboardIdentifiers.m in Sources */,
				093876E51A26272700ADF480 /* ApplicationComponents.m in Sources */,
				093876EF1A263A5A00ADF480 /* COOLForecastComposedDataSourceImpl.m in Sources */,
				092214AC1A25401C002A614A /* COOLAppDelegate.m in Sources */,
				093876FD1A26459D00ADF480 /* COOLUserLocationsUserDefaultsImpl.m in Sources */,
				092214C71A254215002A614A /* COOLTodayForecastAPIResponse.m in Sources */,
				093876F41A26444C00ADF480 /* COOLDailyForecastTableViewDataSource.m in Sources */,
				092215311A25F6BF002A614A /* COOLForecastDataSourceImpl.m in Sources */,
				092215001A25E80A002A614A /* NetworkComponents.m in Sources */,
				093876E11A26258900ADF480 /* UIViewController+SegueUserInfo.m in Sources */,
				092215261A25EFBC002A614A /* Location.m in Sources */,
				092214C41A2541F5002A614A /* COOLSearchAPIResponse.m in Sources */,
				092214F81A25E0E3002A614A /* WeatherDesc.m in Sources */,
				092214CF1A2543CC002A614A /* COOLSearchAPIRequest.m in Sources */,
				093876D21A26250300ADF480 /* COOLTodayViewController.m in Sources */,
				093876D81A26252E00ADF480 /* COOLDailyForecastViewController.m in Sources */,
				09ED70201A2764DF00BE573A /* COOLForecastTableViewCell.m in Sources */,
				09E894681A269D2D00D7B95B /* COOLTableViewModel.m in Sources */,
				092214F61A25E0E3002A614A /* Request.m in Sources */,
				09DA4A011A27CEBF00BCDB37 /* COOLLocationSearchCellModel.m in Sources */,
				092214F51A25E0E3002A614A /* Hourly.m in Sources */,
				09E894761A26AABB00D7B95B /* TimeZone.m in Sources */,
				093876DB1A26256300ADF480 /* COOLLocationsViewController.m in Sources */,
				092214E21A254B41002A614A /* COOLTodayForecastAPIRequest.m in Sources */,
				09DA49FD1A27C15800BCDB37 /* ForecastForLocation.m in Sources */,
				092215271A25EFBC002A614A /* Country.m in Sources */,
				093876E21A26258900ADF480 /* UIViewController+Typhoon.m in Sources */,
				093876FA1A26446D00ADF480 /* COOLLocationsSearchResultsTableViewDataSource.m in Sources */,
				092215251A25EFBC002A614A /* AreaName.m in Sources */,
				092215041A25E96D002A614A /* EKObjectMapping+Transfromers.m in Sources */,
				093876F71A26445D00ADF480 /* COOLLocationsTableViewDataSource.m in Sources */,
				092214BA1A25411E002A614A /* COOLWeatherAPIImpl.m in Sources */,
				0922146D1A253F86002A614A /* main.m in Sources */,
				092215341A25F6DC002A614A /* COOLLocationsDataSourceImpl.m in Sources */,
				092214D51A254471002A614A /* COOLWeatherAPIRequestSerializer.m in Sources */,
				092214D21A2543DF002A614A /* COOLDailyForecastAPIRequest.m in Sources */,
				09ED70231A276F1000BE573A /* COOLForecastTableViewCellModel.m in Sources */,
				092215281A25EFBC002A614A /* Region.m in Sources */,
				092214F41A25E0E3002A614A /* Forecast.m in Sources */,
				09E894651A269B5200D7B95B /* COOLTodayView.m in Sources */,
				093876D51A26251900ADF480 /* COOLSettingsViewController.m in Sources */,
			);
			runOnlyForDeploymentPostprocessing = 0;
		};
		0922147C1A253F86002A614A /* Sources */ = {
			isa = PBXSourcesBuildPhase;
			buildActionMask = 2147483647;
			files = (
				092214E41A255166002A614A /* ModelsMappingTests.m in Sources */,
			);
			runOnlyForDeploymentPostprocessing = 0;
		};
/* End PBXSourcesBuildPhase section */

/* Begin PBXTargetDependency section */
		092214821A253F86002A614A /* PBXTargetDependency */ = {
			isa = PBXTargetDependency;
			target = 092214661A253F86002A614A /* Weather */;
			targetProxy = 092214811A253F86002A614A /* PBXContainerItemProxy */;
		};
/* End PBXTargetDependency section */

/* Begin PBXVariantGroup section */
		092214741A253F86002A614A /* Main.storyboard */ = {
			isa = PBXVariantGroup;
			children = (
				092214751A253F86002A614A /* Base */,
			);
			name = Main.storyboard;
			sourceTree = "<group>";
		};
		092214791A253F86002A614A /* LaunchScreen.xib */ = {
			isa = PBXVariantGroup;
			children = (
				0922147A1A253F86002A614A /* Base */,
			);
			name = LaunchScreen.xib;
			sourceTree = "<group>";
		};
/* End PBXVariantGroup section */

/* Begin XCBuildConfiguration section */
		092214881A253F86002A614A /* Debug */ = {
			isa = XCBuildConfiguration;
			buildSettings = {
				ALWAYS_SEARCH_USER_PATHS = NO;
				CLANG_CXX_LANGUAGE_STANDARD = "gnu++0x";
				CLANG_CXX_LIBRARY = "libc++";
				CLANG_ENABLE_MODULES = YES;
				CLANG_ENABLE_OBJC_ARC = YES;
				CLANG_WARN_BOOL_CONVERSION = YES;
				CLANG_WARN_CONSTANT_CONVERSION = YES;
				CLANG_WARN_DIRECT_OBJC_ISA_USAGE = YES_ERROR;
				CLANG_WARN_EMPTY_BODY = YES;
				CLANG_WARN_ENUM_CONVERSION = YES;
				CLANG_WARN_INT_CONVERSION = YES;
				CLANG_WARN_OBJC_ROOT_CLASS = YES_ERROR;
				CLANG_WARN_UNREACHABLE_CODE = YES;
				CLANG_WARN__DUPLICATE_METHOD_MATCH = YES;
				"CODE_SIGN_IDENTITY[sdk=iphoneos*]" = "iPhone Developer";
				COPY_PHASE_STRIP = NO;
				ENABLE_STRICT_OBJC_MSGSEND = YES;
				GCC_C_LANGUAGE_STANDARD = gnu99;
				GCC_DYNAMIC_NO_PIC = NO;
				GCC_OPTIMIZATION_LEVEL = 0;
				GCC_PREPROCESSOR_DEFINITIONS = (
					"DEBUG=1",
					"$(inherited)",
				);
				GCC_SYMBOLS_PRIVATE_EXTERN = NO;
				GCC_WARN_64_TO_32_BIT_CONVERSION = YES;
				GCC_WARN_ABOUT_RETURN_TYPE = YES_ERROR;
				GCC_WARN_UNDECLARED_SELECTOR = YES;
				GCC_WARN_UNINITIALIZED_AUTOS = YES_AGGRESSIVE;
				GCC_WARN_UNUSED_FUNCTION = YES;
				GCC_WARN_UNUSED_VARIABLE = YES;
				IPHONEOS_DEPLOYMENT_TARGET = 8.1;
				MTL_ENABLE_DEBUG_INFO = YES;
				ONLY_ACTIVE_ARCH = YES;
				SDKROOT = iphoneos;
			};
			name = Debug;
		};
		092214891A253F86002A614A /* Release */ = {
			isa = XCBuildConfiguration;
			buildSettings = {
				ALWAYS_SEARCH_USER_PATHS = NO;
				CLANG_CXX_LANGUAGE_STANDARD = "gnu++0x";
				CLANG_CXX_LIBRARY = "libc++";
				CLANG_ENABLE_MODULES = YES;
				CLANG_ENABLE_OBJC_ARC = YES;
				CLANG_WARN_BOOL_CONVERSION = YES;
				CLANG_WARN_CONSTANT_CONVERSION = YES;
				CLANG_WARN_DIRECT_OBJC_ISA_USAGE = YES_ERROR;
				CLANG_WARN_EMPTY_BODY = YES;
				CLANG_WARN_ENUM_CONVERSION = YES;
				CLANG_WARN_INT_CONVERSION = YES;
				CLANG_WARN_OBJC_ROOT_CLASS = YES_ERROR;
				CLANG_WARN_UNREACHABLE_CODE = YES;
				CLANG_WARN__DUPLICATE_METHOD_MATCH = YES;
				"CODE_SIGN_IDENTITY[sdk=iphoneos*]" = "iPhone Developer";
				COPY_PHASE_STRIP = YES;
				ENABLE_NS_ASSERTIONS = NO;
				ENABLE_STRICT_OBJC_MSGSEND = YES;
				GCC_C_LANGUAGE_STANDARD = gnu99;
				GCC_WARN_64_TO_32_BIT_CONVERSION = YES;
				GCC_WARN_ABOUT_RETURN_TYPE = YES_ERROR;
				GCC_WARN_UNDECLARED_SELECTOR = YES;
				GCC_WARN_UNINITIALIZED_AUTOS = YES_AGGRESSIVE;
				GCC_WARN_UNUSED_FUNCTION = YES;
				GCC_WARN_UNUSED_VARIABLE = YES;
				IPHONEOS_DEPLOYMENT_TARGET = 8.1;
				MTL_ENABLE_DEBUG_INFO = NO;
				SDKROOT = iphoneos;
				VALIDATE_PRODUCT = YES;
			};
			name = Release;
		};
		0922148B1A253F86002A614A /* Debug */ = {
			isa = XCBuildConfiguration;
			baseConfigurationReference = 148FA9D5671E73E74C2D367E /* Pods-Weather.debug.xcconfig */;
			buildSettings = {
				ASSETCATALOG_COMPILER_APPICON_NAME = AppIcon;
				ASSETCATALOG_COMPILER_LAUNCHIMAGE_NAME = LaunchImage;
				INFOPLIST_FILE = "Weather/Supporting Files/Info.plist";
				IPHONEOS_DEPLOYMENT_TARGET = 7.1;
				LD_RUNPATH_SEARCH_PATHS = "$(inherited) @executable_path/Frameworks";
				NETWORK_ACTIVITY_LOG_LEVEL = 1;
				PRODUCT_NAME = "$(TARGET_NAME)";
			};
			name = Debug;
		};
		0922148C1A253F86002A614A /* Release */ = {
			isa = XCBuildConfiguration;
			baseConfigurationReference = B67095F67E9E36EADA9C8C28 /* Pods-Weather.release.xcconfig */;
			buildSettings = {
				ASSETCATALOG_COMPILER_APPICON_NAME = AppIcon;
				ASSETCATALOG_COMPILER_LAUNCHIMAGE_NAME = LaunchImage;
				INFOPLIST_FILE = "Weather/Supporting Files/Info.plist";
				IPHONEOS_DEPLOYMENT_TARGET = 7.1;
				LD_RUNPATH_SEARCH_PATHS = "$(inherited) @executable_path/Frameworks";
				NETWORK_ACTIVITY_LOG_LEVEL = 0;
				PRODUCT_NAME = "$(TARGET_NAME)";
			};
			name = Release;
		};
		0922148E1A253F86002A614A /* Debug */ = {
			isa = XCBuildConfiguration;
			baseConfigurationReference = 148FA9D5671E73E74C2D367E /* Pods-Weather.debug.xcconfig */;
			buildSettings = {
				BUNDLE_LOADER = "$(TEST_HOST)";
				FRAMEWORK_SEARCH_PATHS = (
					"$(SDKROOT)/Developer/Library/Frameworks",
					"$(inherited)",
				);
				GCC_PREPROCESSOR_DEFINITIONS = (
					"DEBUG=1",
					"$(inherited)",
				);
				INFOPLIST_FILE = "WeatherTests/Supporting Files/Info.plist";
				LD_RUNPATH_SEARCH_PATHS = "$(inherited) @executable_path/Frameworks @loader_path/Frameworks";
				PRODUCT_NAME = "$(TARGET_NAME)";
				TEST_HOST = "$(BUILT_PRODUCTS_DIR)/Weather.app/Weather";
			};
			name = Debug;
		};
		0922148F1A253F86002A614A /* Release */ = {
			isa = XCBuildConfiguration;
			baseConfigurationReference = B67095F67E9E36EADA9C8C28 /* Pods-Weather.release.xcconfig */;
			buildSettings = {
				BUNDLE_LOADER = "$(TEST_HOST)";
				FRAMEWORK_SEARCH_PATHS = (
					"$(SDKROOT)/Developer/Library/Frameworks",
					"$(inherited)",
				);
				INFOPLIST_FILE = "WeatherTests/Supporting Files/Info.plist";
				LD_RUNPATH_SEARCH_PATHS = "$(inherited) @executable_path/Frameworks @loader_path/Frameworks";
				PRODUCT_NAME = "$(TARGET_NAME)";
				TEST_HOST = "$(BUILT_PRODUCTS_DIR)/Weather.app/Weather";
			};
			name = Release;
		};
/* End XCBuildConfiguration section */

/* Begin XCConfigurationList section */
		092214621A253F86002A614A /* Build configuration list for PBXProject "Weather" */ = {
			isa = XCConfigurationList;
			buildConfigurations = (
				092214881A253F86002A614A /* Debug */,
				092214891A253F86002A614A /* Release */,
			);
			defaultConfigurationIsVisible = 0;
			defaultConfigurationName = Release;
		};
		0922148A1A253F86002A614A /* Build configuration list for PBXNativeTarget "Weather" */ = {
			isa = XCConfigurationList;
			buildConfigurations = (
				0922148B1A253F86002A614A /* Debug */,
				0922148C1A253F86002A614A /* Release */,
			);
			defaultConfigurationIsVisible = 0;
			defaultConfigurationName = Release;
		};
		0922148D1A253F86002A614A /* Build configuration list for PBXNativeTarget "WeatherTests" */ = {
			isa = XCConfigurationList;
			buildConfigurations = (
				0922148E1A253F86002A614A /* Debug */,
				0922148F1A253F86002A614A /* Release */,
			);
			defaultConfigurationIsVisible = 0;
			defaultConfigurationName = Release;
		};
/* End XCConfigurationList section */
	};
	rootObject = 0922145F1A253F86002A614A /* Project object */;
}
